// !$*UTF8*$!
{
	archiveVersion = 1;
	classes = {
	};
	objectVersion = 55;
	objects = {

/* Begin PBXBuildFile section */
		D434BDE228BCE54000A2E32B /* NetworkModuleApp.swift in Sources */ = {isa = PBXBuildFile; fileRef = D434BDE128BCE54000A2E32B /* NetworkModuleApp.swift */; };
		D434BDE428BCE54000A2E32B /* ContentView.swift in Sources */ = {isa = PBXBuildFile; fileRef = D434BDE328BCE54000A2E32B /* ContentView.swift */; };
		D434BDE628BCE54100A2E32B /* Assets.xcassets in Resources */ = {isa = PBXBuildFile; fileRef = D434BDE528BCE54100A2E32B /* Assets.xcassets */; };
		D434BDE928BCE54100A2E32B /* Preview Assets.xcassets in Resources */ = {isa = PBXBuildFile; fileRef = D434BDE828BCE54100A2E32B /* Preview Assets.xcassets */; };
		D434BDF028BCE55400A2E32B /* NetworkModule.swift in Sources */ = {isa = PBXBuildFile; fileRef = D434BDEF28BCE55400A2E32B /* NetworkModule.swift */; };
		D434BDF428BDDB1600A2E32B /* Finder.swift in Sources */ = {isa = PBXBuildFile; fileRef = D434BDF328BDDB1600A2E32B /* Finder.swift */; };
		D434BDF628BE0C6300A2E32B /* NaverOpenAPI.swift in Sources */ = {isa = PBXBuildFile; fileRef = D434BDF528BE0C6300A2E32B /* NaverOpenAPI.swift */; };
		D434BDFB28BE0EEB00A2E32B /* SearchModel.swift in Sources */ = {isa = PBXBuildFile; fileRef = D434BDFA28BE0EEB00A2E32B /* SearchModel.swift */; };
/* End PBXBuildFile section */

/* Begin PBXFileReference section */
		D434BDDE28BCE54000A2E32B /* NetworkModule.app */ = {isa = PBXFileReference; explicitFileType = wrapper.application; includeInIndex = 0; path = NetworkModule.app; sourceTree = BUILT_PRODUCTS_DIR; };
		D434BDE128BCE54000A2E32B /* NetworkModuleApp.swift */ = {isa = PBXFileReference; lastKnownFileType = sourcecode.swift; path = NetworkModuleApp.swift; sourceTree = "<group>"; };
		D434BDE328BCE54000A2E32B /* ContentView.swift */ = {isa = PBXFileReference; lastKnownFileType = sourcecode.swift; path = ContentView.swift; sourceTree = "<group>"; };
		D434BDE528BCE54100A2E32B /* Assets.xcassets */ = {isa = PBXFileReference; lastKnownFileType = folder.assetcatalog; path = Assets.xcassets; sourceTree = "<group>"; };
		D434BDE828BCE54100A2E32B /* Preview Assets.xcassets */ = {isa = PBXFileReference; lastKnownFileType = folder.assetcatalog; path = "Preview Assets.xcassets"; sourceTree = "<group>"; };
		D434BDEF28BCE55400A2E32B /* NetworkModule.swift */ = {isa = PBXFileReference; lastKnownFileType = sourcecode.swift; path = NetworkModule.swift; sourceTree = "<group>"; };
		D434BDF328BDDB1600A2E32B /* Finder.swift */ = {isa = PBXFileReference; lastKnownFileType = sourcecode.swift; path = Finder.swift; sourceTree = "<group>"; };
		D434BDF528BE0C6300A2E32B /* NaverOpenAPI.swift */ = {isa = PBXFileReference; lastKnownFileType = sourcecode.swift; path = NaverOpenAPI.swift; sourceTree = "<group>"; };
		D434BDFA28BE0EEB00A2E32B /* SearchModel.swift */ = {isa = PBXFileReference; lastKnownFileType = sourcecode.swift; path = SearchModel.swift; sourceTree = "<group>"; };
/* End PBXFileReference section */

/* Begin PBXFrameworksBuildPhase section */
		D434BDDB28BCE54000A2E32B /* Frameworks */ = {
			isa = PBXFrameworksBuildPhase;
			buildActionMask = 2147483647;
			files = (
			);
			runOnlyForDeploymentPostprocessing = 0;
		};
/* End PBXFrameworksBuildPhase section */

/* Begin PBXGroup section */
		D434BDD528BCE54000A2E32B = {
			isa = PBXGroup;
			children = (
				D434BDE028BCE54000A2E32B /* NetworkModule */,
				D434BDDF28BCE54000A2E32B /* Products */,
			);
			sourceTree = "<group>";
		};
		D434BDDF28BCE54000A2E32B /* Products */ = {
			isa = PBXGroup;
			children = (
				D434BDDE28BCE54000A2E32B /* NetworkModule.app */,
			);
			name = Products;
			sourceTree = "<group>";
		};
		D434BDE028BCE54000A2E32B /* NetworkModule */ = {
			isa = PBXGroup;
			children = (
				D434BDE128BCE54000A2E32B /* NetworkModuleApp.swift */,
				D434BDE528BCE54100A2E32B /* Assets.xcassets */,
				D434BDE728BCE54100A2E32B /* Preview Content */,
				D434BDF728BE0EC000A2E32B /* Network */,
				D434BDFC28BE0EEF00A2E32B /* Model */,
				D434BDF828BE0EC800A2E32B /* View */,
				D434BDF928BE0ED100A2E32B /* ViewModel */,
			);
			path = NetworkModule;
			sourceTree = "<group>";
		};
		D434BDE728BCE54100A2E32B /* Preview Content */ = {
			isa = PBXGroup;
			children = (
				D434BDE828BCE54100A2E32B /* Preview Assets.xcassets */,
			);
			path = "Preview Content";
			sourceTree = "<group>";
		};
		D434BDF728BE0EC000A2E32B /* Network */ = {
			isa = PBXGroup;
			children = (
				D434BDEF28BCE55400A2E32B /* NetworkModule.swift */,
				D434BDF528BE0C6300A2E32B /* NaverOpenAPI.swift */,
			);
			path = Network;
			sourceTree = "<group>";
		};
		D434BDF828BE0EC800A2E32B /* View */ = {
			isa = PBXGroup;
			children = (
				D434BDE328BCE54000A2E32B /* ContentView.swift */,
			);
			path = View;
			sourceTree = "<group>";
		};
		D434BDF928BE0ED100A2E32B /* ViewModel */ = {
			isa = PBXGroup;
			children = (
				D434BDF328BDDB1600A2E32B /* Finder.swift */,
			);
			path = ViewModel;
			sourceTree = "<group>";
		};
		D434BDFC28BE0EEF00A2E32B /* Model */ = {
			isa = PBXGroup;
			children = (
				D434BDFA28BE0EEB00A2E32B /* SearchModel.swift */,
			);
			path = Model;
			sourceTree = "<group>";
		};
/* End PBXGroup section */

/* Begin PBXNativeTarget section */
		D434BDDD28BCE54000A2E32B /* NetworkModule */ = {
			isa = PBXNativeTarget;
			buildConfigurationList = D434BDEC28BCE54100A2E32B /* Build configuration list for PBXNativeTarget "NetworkModule" */;
			buildPhases = (
				D434BDDA28BCE54000A2E32B /* Sources */,
				D434BDDB28BCE54000A2E32B /* Frameworks */,
				D434BDDC28BCE54000A2E32B /* Resources */,
			);
			buildRules = (
			);
			dependencies = (
			);
			name = NetworkModule;
			productName = NetworkModule;
			productReference = D434BDDE28BCE54000A2E32B /* NetworkModule.app */;
			productType = "com.apple.product-type.application";
		};
/* End PBXNativeTarget section */

/* Begin PBXProject section */
		D434BDD628BCE54000A2E32B /* Project object */ = {
			isa = PBXProject;
			attributes = {
				BuildIndependentTargetsInParallel = 1;
				LastSwiftUpdateCheck = 1340;
				LastUpgradeCheck = 1340;
				TargetAttributes = {
					D434BDDD28BCE54000A2E32B = {
						CreatedOnToolsVersion = 13.4.1;
					};
				};
			};
			buildConfigurationList = D434BDD928BCE54000A2E32B /* Build configuration list for PBXProject "NetworkModule" */;
			compatibilityVersion = "Xcode 13.0";
			developmentRegion = en;
			hasScannedForEncodings = 0;
			knownRegions = (
				en,
				Base,
			);
			mainGroup = D434BDD528BCE54000A2E32B;
			productRefGroup = D434BDDF28BCE54000A2E32B /* Products */;
			projectDirPath = "";
			projectRoot = "";
			targets = (
				D434BDDD28BCE54000A2E32B /* NetworkModule */,
			);
		};
/* End PBXProject section */

/* Begin PBXResourcesBuildPhase section */
		D434BDDC28BCE54000A2E32B /* Resources */ = {
			isa = PBXResourcesBuildPhase;
			buildActionMask = 2147483647;
			files = (
				D434BDE928BCE54100A2E32B /* Preview Assets.xcassets in Resources */,
				D434BDE628BCE54100A2E32B /* Assets.xcassets in Resources */,
			);
			runOnlyForDeploymentPostprocessing = 0;
		};
/* End PBXResourcesBuildPhase section */

/* Begin PBXSourcesBuildPhase section */
		D434BDDA28BCE54000A2E32B /* Sources */ = {
			isa = PBXSourcesBuildPhase;
			buildActionMask = 2147483647;
			files = (
				D434BDF428BDDB1600A2E32B /* Finder.swift in Sources */,
				D434BDF628BE0C6300A2E32B /* NaverOpenAPI.swift in Sources */,
				D434BDE428BCE54000A2E32B /* ContentView.swift in Sources */,
				D434BDFB28BE0EEB00A2E32B /* SearchModel.swift in Sources */,
				D434BDE228BCE54000A2E32B /* NetworkModuleApp.swift in Sources */,
				D434BDF028BCE55400A2E32B /* NetworkModule.swift in Sources */,
			);
			runOnlyForDeploymentPostprocessing = 0;
		};
/* End PBXSourcesBuildPhase section */

/* Begin XCBuildConfiguration section */
		D434BDEA28BCE54100A2E32B /* Debug */ = {
			isa = XCBuildConfiguration;
			buildSettings = {
				ALWAYS_SEARCH_USER_PATHS = NO;
				CLANG_ANALYZER_NONNULL = YES;
				CLANG_ANALYZER_NUMBER_OBJECT_CONVERSION = YES_AGGRESSIVE;
				CLANG_CXX_LANGUAGE_STANDARD = "gnu++17";
				CLANG_ENABLE_MODULES = YES;
				CLANG_ENABLE_OBJC_ARC = YES;
				CLANG_ENABLE_OBJC_WEAK = YES;
				CLANG_WARN_BLOCK_CAPTURE_AUTORELEASING = YES;
				CLANG_WARN_BOOL_CONVERSION = YES;
				CLANG_WARN_COMMA = YES;
				CLANG_WARN_CONSTANT_CONVERSION = YES;
				CLANG_WARN_DEPRECATED_OBJC_IMPLEMENTATIONS = YES;
				CLANG_WARN_DIRECT_OBJC_ISA_USAGE = YES_ERROR;
				CLANG_WARN_DOCUMENTATION_COMMENTS = YES;
				CLANG_WARN_EMPTY_BODY = YES;
				CLANG_WARN_ENUM_CONVERSION = YES;
				CLANG_WARN_INFINITE_RECURSION = YES;
				CLANG_WARN_INT_CONVERSION = YES;
				CLANG_WARN_NON_LITERAL_NULL_CONVERSION = YES;
				CLANG_WARN_OBJC_IMPLICIT_RETAIN_SELF = YES;
				CLANG_WARN_OBJC_LITERAL_CONVERSION = YES;
				CLANG_WARN_OBJC_ROOT_CLASS = YES_ERROR;
				CLANG_WARN_QUOTED_INCLUDE_IN_FRAMEWORK_HEADER = YES;
				CLANG_WARN_RANGE_LOOP_ANALYSIS = YES;
				CLANG_WARN_STRICT_PROTOTYPES = YES;
				CLANG_WARN_SUSPICIOUS_MOVE = YES;
				CLANG_WARN_UNGUARDED_AVAILABILITY = YES_AGGRESSIVE;
				CLANG_WARN_UNREACHABLE_CODE = YES;
				CLANG_WARN__DUPLICATE_METHOD_MATCH = YES;
				COPY_PHASE_STRIP = NO;
				DEBUG_INFORMATION_FORMAT = dwarf;
				ENABLE_STRICT_OBJC_MSGSEND = YES;
				ENABLE_TESTABILITY = YES;
				GCC_C_LANGUAGE_STANDARD = gnu11;
				GCC_DYNAMIC_NO_PIC = NO;
				GCC_NO_COMMON_BLOCKS = YES;
				GCC_OPTIMIZATION_LEVEL = 0;
				GCC_PREPROCESSOR_DEFINITIONS = (
					"DEBUG=1",
					"$(inherited)",
				);
				GCC_WARN_64_TO_32_BIT_CONVERSION = YES;
				GCC_WARN_ABOUT_RETURN_TYPE = YES_ERROR;
				GCC_WARN_UNDECLARED_SELECTOR = YES;
				GCC_WARN_UNINITIALIZED_AUTOS = YES_AGGRESSIVE;
				GCC_WARN_UNUSED_FUNCTION = YES;
				GCC_WARN_UNUSED_VARIABLE = YES;
				IPHONEOS_DEPLOYMENT_TARGET = 15.5;
				MTL_ENABLE_DEBUG_INFO = INCLUDE_SOURCE;
				MTL_FAST_MATH = YES;
				ONLY_ACTIVE_ARCH = YES;
				SDKROOT = iphoneos;
				SWIFT_ACTIVE_COMPILATION_CONDITIONS = DEBUG;
				SWIFT_OPTIMIZATION_LEVEL = "-Onone";
			};
			name = Debug;
		};
		D434BDEB28BCE54100A2E32B /* Release */ = {
			isa = XCBuildConfiguration;
			buildSettings = {
				ALWAYS_SEARCH_USER_PATHS = NO;
				CLANG_ANALYZER_NONNULL = YES;
				CLANG_ANALYZER_NUMBER_OBJECT_CONVERSION = YES_AGGRESSIVE;
				CLANG_CXX_LANGUAGE_STANDARD = "gnu++17";
				CLANG_ENABLE_MODULES = YES;
				CLANG_ENABLE_OBJC_ARC = YES;
				CLANG_ENABLE_OBJC_WEAK = YES;
				CLANG_WARN_BLOCK_CAPTURE_AUTORELEASING = YES;
				CLANG_WARN_BOOL_CONVERSION = YES;
				CLANG_WARN_COMMA = YES;
				CLANG_WARN_CONSTANT_CONVERSION = YES;
				CLANG_WARN_DEPRECATED_OBJC_IMPLEMENTATIONS = YES;
				CLANG_WARN_DIRECT_OBJC_ISA_USAGE = YES_ERROR;
				CLANG_WARN_DOCUMENTATION_COMMENTS = YES;
				CLANG_WARN_EMPTY_BODY = YES;
				CLANG_WARN_ENUM_CONVERSION = YES;
				CLANG_WARN_INFINITE_RECURSION = YES;
				CLANG_WARN_INT_CONVERSION = YES;
				CLANG_WARN_NON_LITERAL_NULL_CONVERSION = YES;
				CLANG_WARN_OBJC_IMPLICIT_RETAIN_SELF = YES;
				CLANG_WARN_OBJC_LITERAL_CONVERSION = YES;
				CLANG_WARN_OBJC_ROOT_CLASS = YES_ERROR;
				CLANG_WARN_QUOTED_INCLUDE_IN_FRAMEWORK_HEADER = YES;
				CLANG_WARN_RANGE_LOOP_ANALYSIS = YES;
				CLANG_WARN_STRICT_PROTOTYPES = YES;
				CLANG_WARN_SUSPICIOUS_MOVE = YES;
				CLANG_WARN_UNGUARDED_AVAILABILITY = YES_AGGRESSIVE;
				CLANG_WARN_UNREACHABLE_CODE = YES;
				CLANG_WARN__DUPLICATE_METHOD_MATCH = YES;
				COPY_PHASE_STRIP = NO;
				DEBUG_INFORMATION_FORMAT = "dwarf-with-dsym";
				ENABLE_NS_ASSERTIONS = NO;
				ENABLE_STRICT_OBJC_MSGSEND = YES;
				GCC_C_LANGUAGE_STANDARD = gnu11;
				GCC_NO_COMMON_BLOCKS = YES;
				GCC_WARN_64_TO_32_BIT_CONVERSION = YES;
				GCC_WARN_ABOUT_RETURN_TYPE = YES_ERROR;
				GCC_WARN_UNDECLARED_SELECTOR = YES;
				GCC_WARN_UNINITIALIZED_AUTOS = YES_AGGRESSIVE;
				GCC_WARN_UNUSED_FUNCTION = YES;
				GCC_WARN_UNUSED_VARIABLE = YES;
				IPHONEOS_DEPLOYMENT_TARGET = 15.5;
				MTL_ENABLE_DEBUG_INFO = NO;
				MTL_FAST_MATH = YES;
				SDKROOT = iphoneos;
				SWIFT_COMPILATION_MODE = wholemodule;
				SWIFT_OPTIMIZATION_LEVEL = "-O";
				VALIDATE_PRODUCT = YES;
			};
			name = Release;
		};
		D434BDED28BCE54100A2E32B /* Debug */ = {
			isa = XCBuildConfiguration;
			buildSettings = {
				ASSETCATALOG_COMPILER_APPICON_NAME = AppIcon;
				ASSETCATALOG_COMPILER_GLOBAL_ACCENT_COLOR_NAME = AccentColor;
				CODE_SIGN_STYLE = Automatic;
				CURRENT_PROJECT_VERSION = 1;
				DEVELOPMENT_ASSET_PATHS = "\"NetworkModule/Preview Content\"";
				DEVELOPMENT_TEAM = VT6KC94KM7;
				ENABLE_PREVIEWS = YES;
				GENERATE_INFOPLIST_FILE = YES;
				INFOPLIST_KEY_UIApplicationSceneManifest_Generation = YES;
				INFOPLIST_KEY_UIApplicationSupportsIndirectInputEvents = YES;
				INFOPLIST_KEY_UILaunchScreen_Generation = YES;
				INFOPLIST_KEY_UISupportedInterfaceOrientations_iPad = "UIInterfaceOrientationPortrait UIInterfaceOrientationPortraitUpsideDown UIInterfaceOrientationLandscapeLeft UIInterfaceOrientationLandscapeRight";
				INFOPLIST_KEY_UISupportedInterfaceOrientations_iPhone = "UIInterfaceOrientationPortrait UIInterfaceOrientationLandscapeLeft UIInterfaceOrientationLandscapeRight";
				LD_RUNPATH_SEARCH_PATHS = (
					"$(inherited)",
					"@executable_path/Frameworks",
				);
				MARKETING_VERSION = 1.0;
				PRODUCT_BUNDLE_IDENTIFIER = pccommen.NetworkModule;
				PRODUCT_NAME = "$(TARGET_NAME)";
				SWIFT_EMIT_LOC_STRINGS = YES;
				SWIFT_VERSION = 5.0;
				TARGETED_DEVICE_FAMILY = "1,2";
			};
			name = Debug;
		};
		D434BDEE28BCE54100A2E32B /* Release */ = {
			isa = XCBuildConfiguration;
			buildSettings = {
				ASSETCATALOG_COMPILER_APPICON_NAME = AppIcon;
				ASSETCATALOG_COMPILER_GLOBAL_ACCENT_COLOR_NAME = AccentColor;
				CODE_SIGN_STYLE = Automatic;
				CURRENT_PROJECT_VERSION = 1;
				DEVELOPMENT_ASSET_PATHS = "\"NetworkModule/Preview Content\"";
				DEVELOPMENT_TEAM = VT6KC94KM7;
				ENABLE_PREVIEWS = YES;
				GENERATE_INFOPLIST_FILE = YES;
				INFOPLIST_KEY_UIApplicationSceneManifest_Generation = YES;
				INFOPLIST_KEY_UIApplicationSupportsIndirectInputEvents = YES;
				INFOPLIST_KEY_UILaunchScreen_Generation = YES;
				INFOPLIST_KEY_UISupportedInterfaceOrientations_iPad = "UIInterfaceOrientationPortrait UIInterfaceOrientationPortraitUpsideDown UIInterfaceOrientationLandscapeLeft UIInterfaceOrientationLandscapeRight";
				INFOPLIST_KEY_UISupportedInterfaceOrientations_iPhone = "UIInterfaceOrientationPortrait UIInterfaceOrientationLandscapeLeft UIInterfaceOrientationLandscapeRight";
				LD_RUNPATH_SEARCH_PATHS = (
					"$(inherited)",
					"@executable_path/Frameworks",
				);
				MARKETING_VERSION = 1.0;
				PRODUCT_BUNDLE_IDENTIFIER = pccommen.NetworkModule;
				PRODUCT_NAME = "$(TARGET_NAME)";
				SWIFT_EMIT_LOC_STRINGS = YES;
				SWIFT_VERSION = 5.0;
				TARGETED_DEVICE_FAMILY = "1,2";
			};
			name = Release;
		};
/* End XCBuildConfiguration section */

/* Begin XCConfigurationList section */
		D434BDD928BCE54000A2E32B /* Build configuration list for PBXProject "NetworkModule" */ = {
			isa = XCConfigurationList;
			buildConfigurations = (
				D434BDEA28BCE54100A2E32B /* Debug */,
				D434BDEB28BCE54100A2E32B /* Release */,
			);
			defaultConfigurationIsVisible = 0;
			defaultConfigurationName = Release;
		};
		D434BDEC28BCE54100A2E32B /* Build configuration list for PBXNativeTarget "NetworkModule" */ = {
			isa = XCConfigurationList;
			buildConfigurations = (
				D434BDED28BCE54100A2E32B /* Debug */,
				D434BDEE28BCE54100A2E32B /* Release */,
			);
			defaultConfigurationIsVisible = 0;
			defaultConfigurationName = Release;
		};
/* End XCConfigurationList section */
	};
	rootObject = D434BDD628BCE54000A2E32B /* Project object */;
}
