// !$*UTF8*$!
{
	archiveVersion = 1;
	classes = {
	};
	objectVersion = 55;
	objects = {

/* Begin PBXBuildFile section */
		F30E662128CCD09900FA2D3B /* SearchView.swift in Sources */ = {isa = PBXBuildFile; fileRef = F30E662028CCD09900FA2D3B /* SearchView.swift */; };
		F30E662328CCD5B800FA2D3B /* mainView.swift in Sources */ = {isa = PBXBuildFile; fileRef = F30E662228CCD5B800FA2D3B /* mainView.swift */; };
		F371948628CDF11200C4E63D /* ImageItem.swift in Sources */ = {isa = PBXBuildFile; fileRef = F371948528CDF11200C4E63D /* ImageItem.swift */; };
		F3A2015928C782E6002BD05E /* ImageList.swift in Sources */ = {isa = PBXBuildFile; fileRef = F3A2015828C782E6002BD05E /* ImageList.swift */; };
		F3A2016028C7C647002BD05E /* ImageBox.swift in Sources */ = {isa = PBXBuildFile; fileRef = F3A2015F28C7C647002BD05E /* ImageBox.swift */; };
		F3E93D6528C77FD500642890 /* NetworkModuleApp.swift in Sources */ = {isa = PBXBuildFile; fileRef = F3E93D6428C77FD500642890 /* NetworkModuleApp.swift */; };
		F3E93D6728C77FD500642890 /* ImageFinder.swift in Sources */ = {isa = PBXBuildFile; fileRef = F3E93D6628C77FD500642890 /* ImageFinder.swift */; };
		F3E93D6928C77FD600642890 /* Assets.xcassets in Resources */ = {isa = PBXBuildFile; fileRef = F3E93D6828C77FD600642890 /* Assets.xcassets */; };
		F3E93D6C28C77FD600642890 /* Preview Assets.xcassets in Resources */ = {isa = PBXBuildFile; fileRef = F3E93D6B28C77FD600642890 /* Preview Assets.xcassets */; };
/* End PBXBuildFile section */

/* Begin PBXFileReference section */
		F30E662028CCD09900FA2D3B /* SearchView.swift */ = {isa = PBXFileReference; lastKnownFileType = sourcecode.swift; path = SearchView.swift; sourceTree = "<group>"; };
		F30E662228CCD5B800FA2D3B /* mainView.swift */ = {isa = PBXFileReference; lastKnownFileType = sourcecode.swift; path = mainView.swift; sourceTree = "<group>"; };
		F371948528CDF11200C4E63D /* ImageItem.swift */ = {isa = PBXFileReference; lastKnownFileType = sourcecode.swift; path = ImageItem.swift; sourceTree = "<group>"; };
		F3A2015828C782E6002BD05E /* ImageList.swift */ = {isa = PBXFileReference; lastKnownFileType = sourcecode.swift; path = ImageList.swift; sourceTree = "<group>"; };
		F3A2015F28C7C647002BD05E /* ImageBox.swift */ = {isa = PBXFileReference; lastKnownFileType = sourcecode.swift; path = ImageBox.swift; sourceTree = "<group>"; };
		F3E93D6128C77FD500642890 /* NetworkModule.app */ = {isa = PBXFileReference; explicitFileType = wrapper.application; includeInIndex = 0; path = NetworkModule.app; sourceTree = BUILT_PRODUCTS_DIR; };
		F3E93D6428C77FD500642890 /* NetworkModuleApp.swift */ = {isa = PBXFileReference; lastKnownFileType = sourcecode.swift; path = NetworkModuleApp.swift; sourceTree = "<group>"; };
		F3E93D6628C77FD500642890 /* ImageFinder.swift */ = {isa = PBXFileReference; lastKnownFileType = sourcecode.swift; path = ImageFinder.swift; sourceTree = "<group>"; };
		F3E93D6828C77FD600642890 /* Assets.xcassets */ = {isa = PBXFileReference; lastKnownFileType = folder.assetcatalog; path = Assets.xcassets; sourceTree = "<group>"; };
		F3E93D6B28C77FD600642890 /* Preview Assets.xcassets */ = {isa = PBXFileReference; lastKnownFileType = folder.assetcatalog; path = "Preview Assets.xcassets"; sourceTree = "<group>"; };
/* End PBXFileReference section */

/* Begin PBXFrameworksBuildPhase section */
		F3E93D5E28C77FD500642890 /* Frameworks */ = {
			isa = PBXFrameworksBuildPhase;
			buildActionMask = 2147483647;
			files = (
			);
			runOnlyForDeploymentPostprocessing = 0;
		};
/* End PBXFrameworksBuildPhase section */

/* Begin PBXGroup section */
		F30E661E28CC36E500FA2D3B /* ViewModel */ = {
			isa = PBXGroup;
			children = (
				F3E93D6628C77FD500642890 /* ImageFinder.swift */,
			);
			path = ViewModel;
			sourceTree = "<group>";
		};
		F30E661F28CC371F00FA2D3B /* View */ = {
			isa = PBXGroup;
			children = (
				F3A2015828C782E6002BD05E /* ImageList.swift */,
				F30E662028CCD09900FA2D3B /* SearchView.swift */,
				F30E662228CCD5B800FA2D3B /* mainView.swift */,
				F371948528CDF11200C4E63D /* ImageItem.swift */,
			);
			path = View;
			sourceTree = "<group>";
		};
		F3A2016128C7C652002BD05E /* Model */ = {
			isa = PBXGroup;
			children = (
				F3A2015F28C7C647002BD05E /* ImageBox.swift */,
			);
			path = Model;
			sourceTree = "<group>";
		};
		F3E93D5828C77FD500642890 = {
			isa = PBXGroup;
			children = (
				F3E93D6328C77FD500642890 /* NetworkModule */,
				F3E93D6228C77FD500642890 /* Products */,
			);
			sourceTree = "<group>";
		};
		F3E93D6228C77FD500642890 /* Products */ = {
			isa = PBXGroup;
			children = (
				F3E93D6128C77FD500642890 /* NetworkModule.app */,
			);
			name = Products;
			sourceTree = "<group>";
		};
		F3E93D6328C77FD500642890 /* NetworkModule */ = {
			isa = PBXGroup;
			children = (
				F3E93D6428C77FD500642890 /* NetworkModuleApp.swift */,
				F30E661F28CC371F00FA2D3B /* View */,
				F3A2016128C7C652002BD05E /* Model */,
				F30E661E28CC36E500FA2D3B /* ViewModel */,
				F3E93D6828C77FD600642890 /* Assets.xcassets */,
				F3E93D6A28C77FD600642890 /* Preview Content */,
			);
			path = NetworkModule;
			sourceTree = "<group>";
		};
		F3E93D6A28C77FD600642890 /* Preview Content */ = {
			isa = PBXGroup;
			children = (
				F3E93D6B28C77FD600642890 /* Preview Assets.xcassets */,
			);
			path = "Preview Content";
			sourceTree = "<group>";
		};
/* End PBXGroup section */

/* Begin PBXNativeTarget section */
		F3E93D6028C77FD500642890 /* NetworkModule */ = {
			isa = PBXNativeTarget;
			buildConfigurationList = F3E93D6F28C77FD600642890 /* Build configuration list for PBXNativeTarget "NetworkModule" */;
			buildPhases = (
				F3E93D5D28C77FD500642890 /* Sources */,
				F3E93D5E28C77FD500642890 /* Frameworks */,
				F3E93D5F28C77FD500642890 /* Resources */,
			);
			buildRules = (
			);
			dependencies = (
			);
			name = NetworkModule;
			productName = NetworkModule;
			productReference = F3E93D6128C77FD500642890 /* NetworkModule.app */;
			productType = "com.apple.product-type.application";
		};
/* End PBXNativeTarget section */

/* Begin PBXProject section */
		F3E93D5928C77FD500642890 /* Project object */ = {
			isa = PBXProject;
			attributes = {
				BuildIndependentTargetsInParallel = 1;
				LastSwiftUpdateCheck = 1340;
				LastUpgradeCheck = 1340;
				TargetAttributes = {
					F3E93D6028C77FD500642890 = {
						CreatedOnToolsVersion = 13.4.1;
					};
				};
			};
			buildConfigurationList = F3E93D5C28C77FD500642890 /* Build configuration list for PBXProject "NetworkModule" */;
			compatibilityVersion = "Xcode 13.0";
			developmentRegion = en;
			hasScannedForEncodings = 0;
			knownRegions = (
				en,
				Base,
			);
			mainGroup = F3E93D5828C77FD500642890;
			productRefGroup = F3E93D6228C77FD500642890 /* Products */;
			projectDirPath = "";
			projectRoot = "";
			targets = (
				F3E93D6028C77FD500642890 /* NetworkModule */,
			);
		};
/* End PBXProject section */

/* Begin PBXResourcesBuildPhase section */
		F3E93D5F28C77FD500642890 /* Resources */ = {
			isa = PBXResourcesBuildPhase;
			buildActionMask = 2147483647;
			files = (
				F3E93D6C28C77FD600642890 /* Preview Assets.xcassets in Resources */,
				F3E93D6928C77FD600642890 /* Assets.xcassets in Resources */,
			);
			runOnlyForDeploymentPostprocessing = 0;
		};
/* End PBXResourcesBuildPhase section */

/* Begin PBXSourcesBuildPhase section */
		F3E93D5D28C77FD500642890 /* Sources */ = {
			isa = PBXSourcesBuildPhase;
			buildActionMask = 2147483647;
			files = (
				F30E662128CCD09900FA2D3B /* SearchView.swift in Sources */,
				F3E93D6728C77FD500642890 /* ImageFinder.swift in Sources */,
				F3A2016028C7C647002BD05E /* ImageBox.swift in Sources */,
				F30E662328CCD5B800FA2D3B /* mainView.swift in Sources */,
				F3A2015928C782E6002BD05E /* ImageList.swift in Sources */,
				F3E93D6528C77FD500642890 /* NetworkModuleApp.swift in Sources */,
				F371948628CDF11200C4E63D /* ImageItem.swift in Sources */,
			);
			runOnlyForDeploymentPostprocessing = 0;
		};
/* End PBXSourcesBuildPhase section */

/* Begin XCBuildConfiguration section */
		F3E93D6D28C77FD600642890 /* Debug */ = {
			isa = XCBuildConfiguration;
			buildSettings = {
				ALWAYS_SEARCH_USER_PATHS = NO;
				CLANG_ANALYZER_NONNULL = YES;
				CLANG_ANALYZER_NUMBER_OBJECT_CONVERSION = YES_AGGRESSIVE;
				CLANG_CXX_LANGUAGE_STANDARD = "gnu++17";
				CLANG_ENABLE_MODULES = YES;
				CLANG_ENABLE_OBJC_ARC = YES;
				CLANG_ENABLE_OBJC_WEAK = YES;
				CLANG_WARN_BLOCK_CAPTURE_AUTORELEASING = YES;
				CLANG_WARN_BOOL_CONVERSION = YES;
				CLANG_WARN_COMMA = YES;
				CLANG_WARN_CONSTANT_CONVERSION = YES;
				CLANG_WARN_DEPRECATED_OBJC_IMPLEMENTATIONS = YES;
				CLANG_WARN_DIRECT_OBJC_ISA_USAGE = YES_ERROR;
				CLANG_WARN_DOCUMENTATION_COMMENTS = YES;
				CLANG_WARN_EMPTY_BODY = YES;
				CLANG_WARN_ENUM_CONVERSION = YES;
				CLANG_WARN_INFINITE_RECURSION = YES;
				CLANG_WARN_INT_CONVERSION = YES;
				CLANG_WARN_NON_LITERAL_NULL_CONVERSION = YES;
				CLANG_WARN_OBJC_IMPLICIT_RETAIN_SELF = YES;
				CLANG_WARN_OBJC_LITERAL_CONVERSION = YES;
				CLANG_WARN_OBJC_ROOT_CLASS = YES_ERROR;
				CLANG_WARN_QUOTED_INCLUDE_IN_FRAMEWORK_HEADER = YES;
				CLANG_WARN_RANGE_LOOP_ANALYSIS = YES;
				CLANG_WARN_STRICT_PROTOTYPES = YES;
				CLANG_WARN_SUSPICIOUS_MOVE = YES;
				CLANG_WARN_UNGUARDED_AVAILABILITY = YES_AGGRESSIVE;
				CLANG_WARN_UNREACHABLE_CODE = YES;
				CLANG_WARN__DUPLICATE_METHOD_MATCH = YES;
				COPY_PHASE_STRIP = NO;
				DEBUG_INFORMATION_FORMAT = dwarf;
				ENABLE_STRICT_OBJC_MSGSEND = YES;
				ENABLE_TESTABILITY = YES;
				GCC_C_LANGUAGE_STANDARD = gnu11;
				GCC_DYNAMIC_NO_PIC = NO;
				GCC_NO_COMMON_BLOCKS = YES;
				GCC_OPTIMIZATION_LEVEL = 0;
				GCC_PREPROCESSOR_DEFINITIONS = (
					"DEBUG=1",
					"$(inherited)",
				);
				GCC_WARN_64_TO_32_BIT_CONVERSION = YES;
				GCC_WARN_ABOUT_RETURN_TYPE = YES_ERROR;
				GCC_WARN_UNDECLARED_SELECTOR = YES;
				GCC_WARN_UNINITIALIZED_AUTOS = YES_AGGRESSIVE;
				GCC_WARN_UNUSED_FUNCTION = YES;
				GCC_WARN_UNUSED_VARIABLE = YES;
				IPHONEOS_DEPLOYMENT_TARGET = 15.5;
				MTL_ENABLE_DEBUG_INFO = INCLUDE_SOURCE;
				MTL_FAST_MATH = YES;
				ONLY_ACTIVE_ARCH = YES;
				SDKROOT = iphoneos;
				SWIFT_ACTIVE_COMPILATION_CONDITIONS = DEBUG;
				SWIFT_OPTIMIZATION_LEVEL = "-Onone";
			};
			name = Debug;
		};
		F3E93D6E28C77FD600642890 /* Release */ = {
			isa = XCBuildConfiguration;
			buildSettings = {
				ALWAYS_SEARCH_USER_PATHS = NO;
				CLANG_ANALYZER_NONNULL = YES;
				CLANG_ANALYZER_NUMBER_OBJECT_CONVERSION = YES_AGGRESSIVE;
				CLANG_CXX_LANGUAGE_STANDARD = "gnu++17";
				CLANG_ENABLE_MODULES = YES;
				CLANG_ENABLE_OBJC_ARC = YES;
				CLANG_ENABLE_OBJC_WEAK = YES;
				CLANG_WARN_BLOCK_CAPTURE_AUTORELEASING = YES;
				CLANG_WARN_BOOL_CONVERSION = YES;
				CLANG_WARN_COMMA = YES;
				CLANG_WARN_CONSTANT_CONVERSION = YES;
				CLANG_WARN_DEPRECATED_OBJC_IMPLEMENTATIONS = YES;
				CLANG_WARN_DIRECT_OBJC_ISA_USAGE = YES_ERROR;
				CLANG_WARN_DOCUMENTATION_COMMENTS = YES;
				CLANG_WARN_EMPTY_BODY = YES;
				CLANG_WARN_ENUM_CONVERSION = YES;
				CLANG_WARN_INFINITE_RECURSION = YES;
				CLANG_WARN_INT_CONVERSION = YES;
				CLANG_WARN_NON_LITERAL_NULL_CONVERSION = YES;
				CLANG_WARN_OBJC_IMPLICIT_RETAIN_SELF = YES;
				CLANG_WARN_OBJC_LITERAL_CONVERSION = YES;
				CLANG_WARN_OBJC_ROOT_CLASS = YES_ERROR;
				CLANG_WARN_QUOTED_INCLUDE_IN_FRAMEWORK_HEADER = YES;
				CLANG_WARN_RANGE_LOOP_ANALYSIS = YES;
				CLANG_WARN_STRICT_PROTOTYPES = YES;
				CLANG_WARN_SUSPICIOUS_MOVE = YES;
				CLANG_WARN_UNGUARDED_AVAILABILITY = YES_AGGRESSIVE;
				CLANG_WARN_UNREACHABLE_CODE = YES;
				CLANG_WARN__DUPLICATE_METHOD_MATCH = YES;
				COPY_PHASE_STRIP = NO;
				DEBUG_INFORMATION_FORMAT = "dwarf-with-dsym";
				ENABLE_NS_ASSERTIONS = NO;
				ENABLE_STRICT_OBJC_MSGSEND = YES;
				GCC_C_LANGUAGE_STANDARD = gnu11;
				GCC_NO_COMMON_BLOCKS = YES;
				GCC_WARN_64_TO_32_BIT_CONVERSION = YES;
				GCC_WARN_ABOUT_RETURN_TYPE = YES_ERROR;
				GCC_WARN_UNDECLARED_SELECTOR = YES;
				GCC_WARN_UNINITIALIZED_AUTOS = YES_AGGRESSIVE;
				GCC_WARN_UNUSED_FUNCTION = YES;
				GCC_WARN_UNUSED_VARIABLE = YES;
				IPHONEOS_DEPLOYMENT_TARGET = 15.5;
				MTL_ENABLE_DEBUG_INFO = NO;
				MTL_FAST_MATH = YES;
				SDKROOT = iphoneos;
				SWIFT_COMPILATION_MODE = wholemodule;
				SWIFT_OPTIMIZATION_LEVEL = "-O";
				VALIDATE_PRODUCT = YES;
			};
			name = Release;
		};
		F3E93D7028C77FD600642890 /* Debug */ = {
			isa = XCBuildConfiguration;
			buildSettings = {
				ASSETCATALOG_COMPILER_APPICON_NAME = AppIcon;
				ASSETCATALOG_COMPILER_GLOBAL_ACCENT_COLOR_NAME = AccentColor;
				CODE_SIGN_STYLE = Automatic;
				CURRENT_PROJECT_VERSION = 1;
				DEVELOPMENT_ASSET_PATHS = "\"NetworkModule/Preview Content\"";
				DEVELOPMENT_TEAM = U5F437QJA7;
				ENABLE_PREVIEWS = YES;
				GENERATE_INFOPLIST_FILE = YES;
				INFOPLIST_KEY_UIApplicationSceneManifest_Generation = YES;
				INFOPLIST_KEY_UIApplicationSupportsIndirectInputEvents = YES;
				INFOPLIST_KEY_UILaunchScreen_Generation = YES;
				INFOPLIST_KEY_UISupportedInterfaceOrientations_iPad = "UIInterfaceOrientationPortrait UIInterfaceOrientationPortraitUpsideDown UIInterfaceOrientationLandscapeLeft UIInterfaceOrientationLandscapeRight";
				INFOPLIST_KEY_UISupportedInterfaceOrientations_iPhone = "UIInterfaceOrientationPortrait UIInterfaceOrientationLandscapeLeft UIInterfaceOrientationLandscapeRight";
				LD_RUNPATH_SEARCH_PATHS = (
					"$(inherited)",
					"@executable_path/Frameworks",
				);
				MARKETING_VERSION = 1.0;
				PRODUCT_BUNDLE_IDENTIFIER = com.kyungsoo.NetworkModule;
				PRODUCT_NAME = "$(TARGET_NAME)";
				SWIFT_EMIT_LOC_STRINGS = YES;
				SWIFT_VERSION = 5.0;
				TARGETED_DEVICE_FAMILY = "1,2";
			};
			name = Debug;
		};
		F3E93D7128C77FD600642890 /* Release */ = {
			isa = XCBuildConfiguration;
			buildSettings = {
				ASSETCATALOG_COMPILER_APPICON_NAME = AppIcon;
				ASSETCATALOG_COMPILER_GLOBAL_ACCENT_COLOR_NAME = AccentColor;
				CODE_SIGN_STYLE = Automatic;
				CURRENT_PROJECT_VERSION = 1;
				DEVELOPMENT_ASSET_PATHS = "\"NetworkModule/Preview Content\"";
				DEVELOPMENT_TEAM = U5F437QJA7;
				ENABLE_PREVIEWS = YES;
				GENERATE_INFOPLIST_FILE = YES;
				INFOPLIST_KEY_UIApplicationSceneManifest_Generation = YES;
				INFOPLIST_KEY_UIApplicationSupportsIndirectInputEvents = YES;
				INFOPLIST_KEY_UILaunchScreen_Generation = YES;
				INFOPLIST_KEY_UISupportedInterfaceOrientations_iPad = "UIInterfaceOrientationPortrait UIInterfaceOrientationPortraitUpsideDown UIInterfaceOrientationLandscapeLeft UIInterfaceOrientationLandscapeRight";
				INFOPLIST_KEY_UISupportedInterfaceOrientations_iPhone = "UIInterfaceOrientationPortrait UIInterfaceOrientationLandscapeLeft UIInterfaceOrientationLandscapeRight";
				LD_RUNPATH_SEARCH_PATHS = (
					"$(inherited)",
					"@executable_path/Frameworks",
				);
				MARKETING_VERSION = 1.0;
				PRODUCT_BUNDLE_IDENTIFIER = com.kyungsoo.NetworkModule;
				PRODUCT_NAME = "$(TARGET_NAME)";
				SWIFT_EMIT_LOC_STRINGS = YES;
				SWIFT_VERSION = 5.0;
				TARGETED_DEVICE_FAMILY = "1,2";
			};
			name = Release;
		};
/* End XCBuildConfiguration section */

/* Begin XCConfigurationList section */
		F3E93D5C28C77FD500642890 /* Build configuration list for PBXProject "NetworkModule" */ = {
			isa = XCConfigurationList;
			buildConfigurations = (
				F3E93D6D28C77FD600642890 /* Debug */,
				F3E93D6E28C77FD600642890 /* Release */,
			);
			defaultConfigurationIsVisible = 0;
			defaultConfigurationName = Release;
		};
		F3E93D6F28C77FD600642890 /* Build configuration list for PBXNativeTarget "NetworkModule" */ = {
			isa = XCConfigurationList;
			buildConfigurations = (
				F3E93D7028C77FD600642890 /* Debug */,
				F3E93D7128C77FD600642890 /* Release */,
			);
			defaultConfigurationIsVisible = 0;
			defaultConfigurationName = Release;
		};
/* End XCConfigurationList section */
	};
	rootObject = F3E93D5928C77FD500642890 /* Project object */;
}
