// !$*UTF8*$!
{
	archiveVersion = 1;
	classes = {
	};
	objectVersion = 55;
	objects = {

/* Begin PBXBuildFile section */
		D4156BA128B23A1A00F51371 /* CalculatorButton.swift in Sources */ = {isa = PBXBuildFile; fileRef = D4156BA028B23A1A00F51371 /* CalculatorButton.swift */; };
		D4156BA528B23BA200F51371 /* DoubleExtension.swift in Sources */ = {isa = PBXBuildFile; fileRef = D4156BA428B23BA200F51371 /* DoubleExtension.swift */; };
		D4156BA728B23BAA00F51371 /* StringExtension.swift in Sources */ = {isa = PBXBuildFile; fileRef = D4156BA628B23BAA00F51371 /* StringExtension.swift */; };
		D460BB9C28A93C4700FACD16 /* CalculatorApp.swift in Sources */ = {isa = PBXBuildFile; fileRef = D460BB9B28A93C4700FACD16 /* CalculatorApp.swift */; };
		D460BB9E28A93C4700FACD16 /* CalculatorView.swift in Sources */ = {isa = PBXBuildFile; fileRef = D460BB9D28A93C4700FACD16 /* CalculatorView.swift */; };
		D460BBA028A93C4800FACD16 /* Assets.xcassets in Resources */ = {isa = PBXBuildFile; fileRef = D460BB9F28A93C4800FACD16 /* Assets.xcassets */; };
		D460BBA328A93C4800FACD16 /* Preview Assets.xcassets in Resources */ = {isa = PBXBuildFile; fileRef = D460BBA228A93C4800FACD16 /* Preview Assets.xcassets */; };
		D460BBAA28A93C7500FACD16 /* ButtonView.swift in Sources */ = {isa = PBXBuildFile; fileRef = D460BBA928A93C7500FACD16 /* ButtonView.swift */; };
		D460BBAE28A952A700FACD16 /* Calculator.swift in Sources */ = {isa = PBXBuildFile; fileRef = D460BBAD28A952A700FACD16 /* Calculator.swift */; };
		D49F036A28AB7C4F00E3D308 /* Calculate.swift in Sources */ = {isa = PBXBuildFile; fileRef = D49F036928AB7C4F00E3D308 /* Calculate.swift */; };
		D49F037528ACE0B700E3D308 /* VGridWithUIScreenWidthView.swift in Sources */ = {isa = PBXBuildFile; fileRef = D49F037428ACE0B700E3D308 /* VGridWithUIScreenWidthView.swift */; };
		D49F037728AD001400E3D308 /* CalculatorResultView.swift in Sources */ = {isa = PBXBuildFile; fileRef = D49F037628AD001400E3D308 /* CalculatorResultView.swift */; };
/* End PBXBuildFile section */

/* Begin PBXFileReference section */
		D4156BA028B23A1A00F51371 /* CalculatorButton.swift */ = {isa = PBXFileReference; lastKnownFileType = sourcecode.swift; path = CalculatorButton.swift; sourceTree = "<group>"; };
		D4156BA428B23BA200F51371 /* DoubleExtension.swift */ = {isa = PBXFileReference; lastKnownFileType = sourcecode.swift; path = DoubleExtension.swift; sourceTree = "<group>"; };
		D4156BA628B23BAA00F51371 /* StringExtension.swift */ = {isa = PBXFileReference; lastKnownFileType = sourcecode.swift; path = StringExtension.swift; sourceTree = "<group>"; };
		D460BB9828A93C4700FACD16 /* Calculator.app */ = {isa = PBXFileReference; explicitFileType = wrapper.application; includeInIndex = 0; path = Calculator.app; sourceTree = BUILT_PRODUCTS_DIR; };
		D460BB9B28A93C4700FACD16 /* CalculatorApp.swift */ = {isa = PBXFileReference; lastKnownFileType = sourcecode.swift; path = CalculatorApp.swift; sourceTree = "<group>"; };
		D460BB9D28A93C4700FACD16 /* CalculatorView.swift */ = {isa = PBXFileReference; lastKnownFileType = sourcecode.swift; path = CalculatorView.swift; sourceTree = "<group>"; };
		D460BB9F28A93C4800FACD16 /* Assets.xcassets */ = {isa = PBXFileReference; lastKnownFileType = folder.assetcatalog; path = Assets.xcassets; sourceTree = "<group>"; };
		D460BBA228A93C4800FACD16 /* Preview Assets.xcassets */ = {isa = PBXFileReference; lastKnownFileType = folder.assetcatalog; path = "Preview Assets.xcassets"; sourceTree = "<group>"; };
		D460BBA928A93C7500FACD16 /* ButtonView.swift */ = {isa = PBXFileReference; lastKnownFileType = sourcecode.swift; path = ButtonView.swift; sourceTree = "<group>"; };
		D460BBAD28A952A700FACD16 /* Calculator.swift */ = {isa = PBXFileReference; lastKnownFileType = sourcecode.swift; path = Calculator.swift; sourceTree = "<group>"; };
		D49F036928AB7C4F00E3D308 /* Calculate.swift */ = {isa = PBXFileReference; lastKnownFileType = sourcecode.swift; path = Calculate.swift; sourceTree = "<group>"; };
		D49F037428ACE0B700E3D308 /* VGridWithUIScreenWidthView.swift */ = {isa = PBXFileReference; lastKnownFileType = sourcecode.swift; path = VGridWithUIScreenWidthView.swift; sourceTree = "<group>"; };
		D49F037628AD001400E3D308 /* CalculatorResultView.swift */ = {isa = PBXFileReference; lastKnownFileType = sourcecode.swift; path = CalculatorResultView.swift; sourceTree = "<group>"; };
/* End PBXFileReference section */

/* Begin PBXFrameworksBuildPhase section */
		D460BB9528A93C4700FACD16 /* Frameworks */ = {
			isa = PBXFrameworksBuildPhase;
			buildActionMask = 2147483647;
			files = (
			);
			runOnlyForDeploymentPostprocessing = 0;
		};
/* End PBXFrameworksBuildPhase section */

/* Begin PBXGroup section */
		D460BB8F28A93C4700FACD16 = {
			isa = PBXGroup;
			children = (
				D460BB9A28A93C4700FACD16 /* Calculator */,
				D460BB9928A93C4700FACD16 /* Products */,
			);
			sourceTree = "<group>";
		};
		D460BB9928A93C4700FACD16 /* Products */ = {
			isa = PBXGroup;
			children = (
				D460BB9828A93C4700FACD16 /* Calculator.app */,
			);
			name = Products;
			sourceTree = "<group>";
		};
		D460BB9A28A93C4700FACD16 /* Calculator */ = {
			isa = PBXGroup;
			children = (
				D460BB9B28A93C4700FACD16 /* CalculatorApp.swift */,
				D460BB9F28A93C4800FACD16 /* Assets.xcassets */,
				D460BBA128A93C4800FACD16 /* Preview Content */,
				D49F037928AE1B9500E3D308 /* View */,
				D49F037A28AE1B9F00E3D308 /* Model */,
				D49F037828AE1B7300E3D308 /* ViewModel */,
			);
			path = Calculator;
			sourceTree = "<group>";
		};
		D460BBA128A93C4800FACD16 /* Preview Content */ = {
			isa = PBXGroup;
			children = (
				D460BBA228A93C4800FACD16 /* Preview Assets.xcassets */,
			);
			path = "Preview Content";
			sourceTree = "<group>";
		};
		D49F037828AE1B7300E3D308 /* ViewModel */ = {
			isa = PBXGroup;
			children = (
				D460BBAD28A952A700FACD16 /* Calculator.swift */,
				D4156BA428B23BA200F51371 /* DoubleExtension.swift */,
				D4156BA628B23BAA00F51371 /* StringExtension.swift */,
			);
			path = ViewModel;
			sourceTree = "<group>";
		};
		D49F037928AE1B9500E3D308 /* View */ = {
			isa = PBXGroup;
			children = (
				D460BB9D28A93C4700FACD16 /* CalculatorView.swift */,
				D49F037428ACE0B700E3D308 /* VGridWithUIScreenWidthView.swift */,
				D460BBA928A93C7500FACD16 /* ButtonView.swift */,
				D49F037628AD001400E3D308 /* CalculatorResultView.swift */,
			);
			path = View;
			sourceTree = "<group>";
		};
		D49F037A28AE1B9F00E3D308 /* Model */ = {
			isa = PBXGroup;
			children = (
				D49F036928AB7C4F00E3D308 /* Calculate.swift */,
				D4156BA028B23A1A00F51371 /* CalculatorButton.swift */,
			);
			path = Model;
			sourceTree = "<group>";
		};
/* End PBXGroup section */

/* Begin PBXNativeTarget section */
		D460BB9728A93C4700FACD16 /* Calculator */ = {
			isa = PBXNativeTarget;
			buildConfigurationList = D460BBA628A93C4800FACD16 /* Build configuration list for PBXNativeTarget "Calculator" */;
			buildPhases = (
				D460BB9428A93C4700FACD16 /* Sources */,
				D460BB9528A93C4700FACD16 /* Frameworks */,
				D460BB9628A93C4700FACD16 /* Resources */,
			);
			buildRules = (
			);
			dependencies = (
			);
			name = Calculator;
			productName = Calculator;
			productReference = D460BB9828A93C4700FACD16 /* Calculator.app */;
			productType = "com.apple.product-type.application";
		};
/* End PBXNativeTarget section */

/* Begin PBXProject section */
		D460BB9028A93C4700FACD16 /* Project object */ = {
			isa = PBXProject;
			attributes = {
				BuildIndependentTargetsInParallel = 1;
				LastSwiftUpdateCheck = 1340;
				LastUpgradeCheck = 1340;
				TargetAttributes = {
					D460BB9728A93C4700FACD16 = {
						CreatedOnToolsVersion = 13.4.1;
					};
				};
			};
			buildConfigurationList = D460BB9328A93C4700FACD16 /* Build configuration list for PBXProject "Calculator" */;
			compatibilityVersion = "Xcode 13.0";
			developmentRegion = en;
			hasScannedForEncodings = 0;
			knownRegions = (
				en,
				Base,
			);
			mainGroup = D460BB8F28A93C4700FACD16;
			productRefGroup = D460BB9928A93C4700FACD16 /* Products */;
			projectDirPath = "";
			projectRoot = "";
			targets = (
				D460BB9728A93C4700FACD16 /* Calculator */,
			);
		};
/* End PBXProject section */

/* Begin PBXResourcesBuildPhase section */
		D460BB9628A93C4700FACD16 /* Resources */ = {
			isa = PBXResourcesBuildPhase;
			buildActionMask = 2147483647;
			files = (
				D460BBA328A93C4800FACD16 /* Preview Assets.xcassets in Resources */,
				D460BBA028A93C4800FACD16 /* Assets.xcassets in Resources */,
			);
			runOnlyForDeploymentPostprocessing = 0;
		};
/* End PBXResourcesBuildPhase section */

/* Begin PBXSourcesBuildPhase section */
		D460BB9428A93C4700FACD16 /* Sources */ = {
			isa = PBXSourcesBuildPhase;
			buildActionMask = 2147483647;
			files = (
				D4156BA528B23BA200F51371 /* DoubleExtension.swift in Sources */,
				D460BBAE28A952A700FACD16 /* Calculator.swift in Sources */,
				D4156BA128B23A1A00F51371 /* CalculatorButton.swift in Sources */,
				D49F037728AD001400E3D308 /* CalculatorResultView.swift in Sources */,
				D460BB9E28A93C4700FACD16 /* CalculatorView.swift in Sources */,
				D460BB9C28A93C4700FACD16 /* CalculatorApp.swift in Sources */,
				D49F036A28AB7C4F00E3D308 /* Calculate.swift in Sources */,
				D49F037528ACE0B700E3D308 /* VGridWithUIScreenWidthView.swift in Sources */,
				D4156BA728B23BAA00F51371 /* StringExtension.swift in Sources */,
				D460BBAA28A93C7500FACD16 /* ButtonView.swift in Sources */,
			);
			runOnlyForDeploymentPostprocessing = 0;
		};
/* End PBXSourcesBuildPhase section */

/* Begin XCBuildConfiguration section */
		D460BBA428A93C4800FACD16 /* Debug */ = {
			isa = XCBuildConfiguration;
			buildSettings = {
				ALWAYS_SEARCH_USER_PATHS = NO;
				CLANG_ANALYZER_NONNULL = YES;
				CLANG_ANALYZER_NUMBER_OBJECT_CONVERSION = YES_AGGRESSIVE;
				CLANG_CXX_LANGUAGE_STANDARD = "gnu++17";
				CLANG_ENABLE_MODULES = YES;
				CLANG_ENABLE_OBJC_ARC = YES;
				CLANG_ENABLE_OBJC_WEAK = YES;
				CLANG_WARN_BLOCK_CAPTURE_AUTORELEASING = YES;
				CLANG_WARN_BOOL_CONVERSION = YES;
				CLANG_WARN_COMMA = YES;
				CLANG_WARN_CONSTANT_CONVERSION = YES;
				CLANG_WARN_DEPRECATED_OBJC_IMPLEMENTATIONS = YES;
				CLANG_WARN_DIRECT_OBJC_ISA_USAGE = YES_ERROR;
				CLANG_WARN_DOCUMENTATION_COMMENTS = YES;
				CLANG_WARN_EMPTY_BODY = YES;
				CLANG_WARN_ENUM_CONVERSION = YES;
				CLANG_WARN_INFINITE_RECURSION = YES;
				CLANG_WARN_INT_CONVERSION = YES;
				CLANG_WARN_NON_LITERAL_NULL_CONVERSION = YES;
				CLANG_WARN_OBJC_IMPLICIT_RETAIN_SELF = YES;
				CLANG_WARN_OBJC_LITERAL_CONVERSION = YES;
				CLANG_WARN_OBJC_ROOT_CLASS = YES_ERROR;
				CLANG_WARN_QUOTED_INCLUDE_IN_FRAMEWORK_HEADER = YES;
				CLANG_WARN_RANGE_LOOP_ANALYSIS = YES;
				CLANG_WARN_STRICT_PROTOTYPES = YES;
				CLANG_WARN_SUSPICIOUS_MOVE = YES;
				CLANG_WARN_UNGUARDED_AVAILABILITY = YES_AGGRESSIVE;
				CLANG_WARN_UNREACHABLE_CODE = YES;
				CLANG_WARN__DUPLICATE_METHOD_MATCH = YES;
				COPY_PHASE_STRIP = NO;
				DEBUG_INFORMATION_FORMAT = dwarf;
				ENABLE_STRICT_OBJC_MSGSEND = YES;
				ENABLE_TESTABILITY = YES;
				GCC_C_LANGUAGE_STANDARD = gnu11;
				GCC_DYNAMIC_NO_PIC = NO;
				GCC_NO_COMMON_BLOCKS = YES;
				GCC_OPTIMIZATION_LEVEL = 0;
				GCC_PREPROCESSOR_DEFINITIONS = (
					"DEBUG=1",
					"$(inherited)",
				);
				GCC_WARN_64_TO_32_BIT_CONVERSION = YES;
				GCC_WARN_ABOUT_RETURN_TYPE = YES_ERROR;
				GCC_WARN_UNDECLARED_SELECTOR = YES;
				GCC_WARN_UNINITIALIZED_AUTOS = YES_AGGRESSIVE;
				GCC_WARN_UNUSED_FUNCTION = YES;
				GCC_WARN_UNUSED_VARIABLE = YES;
				IPHONEOS_DEPLOYMENT_TARGET = 15.5;
				MTL_ENABLE_DEBUG_INFO = INCLUDE_SOURCE;
				MTL_FAST_MATH = YES;
				ONLY_ACTIVE_ARCH = YES;
				SDKROOT = iphoneos;
				SWIFT_ACTIVE_COMPILATION_CONDITIONS = DEBUG;
				SWIFT_OPTIMIZATION_LEVEL = "-Onone";
			};
			name = Debug;
		};
		D460BBA528A93C4800FACD16 /* Release */ = {
			isa = XCBuildConfiguration;
			buildSettings = {
				ALWAYS_SEARCH_USER_PATHS = NO;
				CLANG_ANALYZER_NONNULL = YES;
				CLANG_ANALYZER_NUMBER_OBJECT_CONVERSION = YES_AGGRESSIVE;
				CLANG_CXX_LANGUAGE_STANDARD = "gnu++17";
				CLANG_ENABLE_MODULES = YES;
				CLANG_ENABLE_OBJC_ARC = YES;
				CLANG_ENABLE_OBJC_WEAK = YES;
				CLANG_WARN_BLOCK_CAPTURE_AUTORELEASING = YES;
				CLANG_WARN_BOOL_CONVERSION = YES;
				CLANG_WARN_COMMA = YES;
				CLANG_WARN_CONSTANT_CONVERSION = YES;
				CLANG_WARN_DEPRECATED_OBJC_IMPLEMENTATIONS = YES;
				CLANG_WARN_DIRECT_OBJC_ISA_USAGE = YES_ERROR;
				CLANG_WARN_DOCUMENTATION_COMMENTS = YES;
				CLANG_WARN_EMPTY_BODY = YES;
				CLANG_WARN_ENUM_CONVERSION = YES;
				CLANG_WARN_INFINITE_RECURSION = YES;
				CLANG_WARN_INT_CONVERSION = YES;
				CLANG_WARN_NON_LITERAL_NULL_CONVERSION = YES;
				CLANG_WARN_OBJC_IMPLICIT_RETAIN_SELF = YES;
				CLANG_WARN_OBJC_LITERAL_CONVERSION = YES;
				CLANG_WARN_OBJC_ROOT_CLASS = YES_ERROR;
				CLANG_WARN_QUOTED_INCLUDE_IN_FRAMEWORK_HEADER = YES;
				CLANG_WARN_RANGE_LOOP_ANALYSIS = YES;
				CLANG_WARN_STRICT_PROTOTYPES = YES;
				CLANG_WARN_SUSPICIOUS_MOVE = YES;
				CLANG_WARN_UNGUARDED_AVAILABILITY = YES_AGGRESSIVE;
				CLANG_WARN_UNREACHABLE_CODE = YES;
				CLANG_WARN__DUPLICATE_METHOD_MATCH = YES;
				COPY_PHASE_STRIP = NO;
				DEBUG_INFORMATION_FORMAT = "dwarf-with-dsym";
				ENABLE_NS_ASSERTIONS = NO;
				ENABLE_STRICT_OBJC_MSGSEND = YES;
				GCC_C_LANGUAGE_STANDARD = gnu11;
				GCC_NO_COMMON_BLOCKS = YES;
				GCC_WARN_64_TO_32_BIT_CONVERSION = YES;
				GCC_WARN_ABOUT_RETURN_TYPE = YES_ERROR;
				GCC_WARN_UNDECLARED_SELECTOR = YES;
				GCC_WARN_UNINITIALIZED_AUTOS = YES_AGGRESSIVE;
				GCC_WARN_UNUSED_FUNCTION = YES;
				GCC_WARN_UNUSED_VARIABLE = YES;
				IPHONEOS_DEPLOYMENT_TARGET = 15.5;
				MTL_ENABLE_DEBUG_INFO = NO;
				MTL_FAST_MATH = YES;
				SDKROOT = iphoneos;
				SWIFT_COMPILATION_MODE = wholemodule;
				SWIFT_OPTIMIZATION_LEVEL = "-O";
				VALIDATE_PRODUCT = YES;
			};
			name = Release;
		};
		D460BBA728A93C4800FACD16 /* Debug */ = {
			isa = XCBuildConfiguration;
			buildSettings = {
				ASSETCATALOG_COMPILER_APPICON_NAME = AppIcon;
				ASSETCATALOG_COMPILER_GLOBAL_ACCENT_COLOR_NAME = AccentColor;
				CODE_SIGN_STYLE = Automatic;
				CURRENT_PROJECT_VERSION = 1;
				DEVELOPMENT_ASSET_PATHS = "\"Calculator/Preview Content\"";
				DEVELOPMENT_TEAM = VT6KC94KM7;
				ENABLE_PREVIEWS = YES;
				GENERATE_INFOPLIST_FILE = YES;
				INFOPLIST_KEY_UIApplicationSceneManifest_Generation = YES;
				INFOPLIST_KEY_UIApplicationSupportsIndirectInputEvents = YES;
				INFOPLIST_KEY_UILaunchScreen_Generation = YES;
				INFOPLIST_KEY_UISupportedInterfaceOrientations_iPad = "UIInterfaceOrientationPortrait UIInterfaceOrientationPortraitUpsideDown UIInterfaceOrientationLandscapeLeft UIInterfaceOrientationLandscapeRight";
				INFOPLIST_KEY_UISupportedInterfaceOrientations_iPhone = "UIInterfaceOrientationPortrait UIInterfaceOrientationLandscapeLeft UIInterfaceOrientationLandscapeRight";
				LD_RUNPATH_SEARCH_PATHS = (
					"$(inherited)",
					"@executable_path/Frameworks",
				);
				MARKETING_VERSION = 1.0;
				PRODUCT_BUNDLE_IDENTIFIER = pccommen.Calculator;
				PRODUCT_NAME = "$(TARGET_NAME)";
				SWIFT_EMIT_LOC_STRINGS = YES;
				SWIFT_VERSION = 5.0;
				TARGETED_DEVICE_FAMILY = "1,2";
			};
			name = Debug;
		};
		D460BBA828A93C4800FACD16 /* Release */ = {
			isa = XCBuildConfiguration;
			buildSettings = {
				ASSETCATALOG_COMPILER_APPICON_NAME = AppIcon;
				ASSETCATALOG_COMPILER_GLOBAL_ACCENT_COLOR_NAME = AccentColor;
				CODE_SIGN_STYLE = Automatic;
				CURRENT_PROJECT_VERSION = 1;
				DEVELOPMENT_ASSET_PATHS = "\"Calculator/Preview Content\"";
				DEVELOPMENT_TEAM = VT6KC94KM7;
				ENABLE_PREVIEWS = YES;
				GENERATE_INFOPLIST_FILE = YES;
				INFOPLIST_KEY_UIApplicationSceneManifest_Generation = YES;
				INFOPLIST_KEY_UIApplicationSupportsIndirectInputEvents = YES;
				INFOPLIST_KEY_UILaunchScreen_Generation = YES;
				INFOPLIST_KEY_UISupportedInterfaceOrientations_iPad = "UIInterfaceOrientationPortrait UIInterfaceOrientationPortraitUpsideDown UIInterfaceOrientationLandscapeLeft UIInterfaceOrientationLandscapeRight";
				INFOPLIST_KEY_UISupportedInterfaceOrientations_iPhone = "UIInterfaceOrientationPortrait UIInterfaceOrientationLandscapeLeft UIInterfaceOrientationLandscapeRight";
				LD_RUNPATH_SEARCH_PATHS = (
					"$(inherited)",
					"@executable_path/Frameworks",
				);
				MARKETING_VERSION = 1.0;
				PRODUCT_BUNDLE_IDENTIFIER = pccommen.Calculator;
				PRODUCT_NAME = "$(TARGET_NAME)";
				SWIFT_EMIT_LOC_STRINGS = YES;
				SWIFT_VERSION = 5.0;
				TARGETED_DEVICE_FAMILY = "1,2";
			};
			name = Release;
		};
/* End XCBuildConfiguration section */

/* Begin XCConfigurationList section */
		D460BB9328A93C4700FACD16 /* Build configuration list for PBXProject "Calculator" */ = {
			isa = XCConfigurationList;
			buildConfigurations = (
				D460BBA428A93C4800FACD16 /* Debug */,
				D460BBA528A93C4800FACD16 /* Release */,
			);
			defaultConfigurationIsVisible = 0;
			defaultConfigurationName = Release;
		};
		D460BBA628A93C4800FACD16 /* Build configuration list for PBXNativeTarget "Calculator" */ = {
			isa = XCConfigurationList;
			buildConfigurations = (
				D460BBA728A93C4800FACD16 /* Debug */,
				D460BBA828A93C4800FACD16 /* Release */,
			);
			defaultConfigurationIsVisible = 0;
			defaultConfigurationName = Release;
		};
/* End XCConfigurationList section */
	};
	rootObject = D460BB9028A93C4700FACD16 /* Project object */;
}
