// !$*UTF8*$!
{
	archiveVersion = 1;
	classes = {
	};
	objectVersion = 55;
	objects = {

/* Begin PBXBuildFile section */
		A67D5A7428C0537D00624B25 /* NaverOpenAPITestApp.swift in Sources */ = {isa = PBXBuildFile; fileRef = A67D5A7328C0537D00624B25 /* NaverOpenAPITestApp.swift */; };
		A67D5A7828C0537F00624B25 /* Assets.xcassets in Resources */ = {isa = PBXBuildFile; fileRef = A67D5A7728C0537F00624B25 /* Assets.xcassets */; };
		A67D5A7B28C0537F00624B25 /* Preview Assets.xcassets in Resources */ = {isa = PBXBuildFile; fileRef = A67D5A7A28C0537F00624B25 /* Preview Assets.xcassets */; };
		A67D5A8228C053EC00624B25 /* BoxOffice.swift in Sources */ = {isa = PBXBuildFile; fileRef = A67D5A8128C053EC00624B25 /* BoxOffice.swift */; };
		A67D5A8828C0551700624B25 /* MovieList.swift in Sources */ = {isa = PBXBuildFile; fileRef = A67D5A8728C0551700624B25 /* MovieList.swift */; };
		A67D5A8C28C1B74000624B25 /* Finder.swift in Sources */ = {isa = PBXBuildFile; fileRef = A67D5A8B28C1B74000624B25 /* Finder.swift */; };
		A67D5A8E28C1CD2E00624B25 /* NewsDesk.swift in Sources */ = {isa = PBXBuildFile; fileRef = A67D5A8D28C1CD2E00624B25 /* NewsDesk.swift */; };
		A67D5A9128C1CD6D00624B25 /* Encyclopedia.swift in Sources */ = {isa = PBXBuildFile; fileRef = A67D5A9028C1CD6D00624B25 /* Encyclopedia.swift */; };
		A67D5A9328C1DBCD00624B25 /* AttributedString+Extension.swift in Sources */ = {isa = PBXBuildFile; fileRef = A67D5A9228C1DBCD00624B25 /* AttributedString+Extension.swift */; };
		A67D5A9828C1E7D700624B25 /* Searchable.swift in Sources */ = {isa = PBXBuildFile; fileRef = A67D5A9728C1E7D700624B25 /* Searchable.swift */; };
		A67D5A9C28C1F51500624B25 /* ChoiceView.swift in Sources */ = {isa = PBXBuildFile; fileRef = A67D5A9B28C1F51500624B25 /* ChoiceView.swift */; };
		A67D5A9E28C1F53100624B25 /* DocumentList.swift in Sources */ = {isa = PBXBuildFile; fileRef = A67D5A9D28C1F53100624B25 /* DocumentList.swift */; };
		A67D5AA028C1F54900624B25 /* NewsList.swift in Sources */ = {isa = PBXBuildFile; fileRef = A67D5A9F28C1F54900624B25 /* NewsList.swift */; };
/* End PBXBuildFile section */

/* Begin PBXFileReference section */
		A67D5A7028C0537D00624B25 /* NaverOpenAPITest.app */ = {isa = PBXFileReference; explicitFileType = wrapper.application; includeInIndex = 0; path = NaverOpenAPITest.app; sourceTree = BUILT_PRODUCTS_DIR; };
		A67D5A7328C0537D00624B25 /* NaverOpenAPITestApp.swift */ = {isa = PBXFileReference; lastKnownFileType = sourcecode.swift; path = NaverOpenAPITestApp.swift; sourceTree = "<group>"; };
		A67D5A7728C0537F00624B25 /* Assets.xcassets */ = {isa = PBXFileReference; lastKnownFileType = folder.assetcatalog; path = Assets.xcassets; sourceTree = "<group>"; };
		A67D5A7A28C0537F00624B25 /* Preview Assets.xcassets */ = {isa = PBXFileReference; lastKnownFileType = folder.assetcatalog; path = "Preview Assets.xcassets"; sourceTree = "<group>"; };
		A67D5A8128C053EC00624B25 /* BoxOffice.swift */ = {isa = PBXFileReference; lastKnownFileType = sourcecode.swift; path = BoxOffice.swift; sourceTree = "<group>"; };
		A67D5A8728C0551700624B25 /* MovieList.swift */ = {isa = PBXFileReference; lastKnownFileType = sourcecode.swift; path = MovieList.swift; sourceTree = "<group>"; };
		A67D5A8B28C1B74000624B25 /* Finder.swift */ = {isa = PBXFileReference; lastKnownFileType = sourcecode.swift; path = Finder.swift; sourceTree = "<group>"; };
		A67D5A8D28C1CD2E00624B25 /* NewsDesk.swift */ = {isa = PBXFileReference; lastKnownFileType = sourcecode.swift; path = NewsDesk.swift; sourceTree = "<group>"; };
		A67D5A9028C1CD6D00624B25 /* Encyclopedia.swift */ = {isa = PBXFileReference; lastKnownFileType = sourcecode.swift; path = Encyclopedia.swift; sourceTree = "<group>"; };
		A67D5A9228C1DBCD00624B25 /* AttributedString+Extension.swift */ = {isa = PBXFileReference; lastKnownFileType = sourcecode.swift; path = "AttributedString+Extension.swift"; sourceTree = "<group>"; };
		A67D5A9728C1E7D700624B25 /* Searchable.swift */ = {isa = PBXFileReference; lastKnownFileType = sourcecode.swift; path = Searchable.swift; sourceTree = "<group>"; };
		A67D5A9B28C1F51500624B25 /* ChoiceView.swift */ = {isa = PBXFileReference; lastKnownFileType = sourcecode.swift; path = ChoiceView.swift; sourceTree = "<group>"; };
		A67D5A9D28C1F53100624B25 /* DocumentList.swift */ = {isa = PBXFileReference; lastKnownFileType = sourcecode.swift; path = DocumentList.swift; sourceTree = "<group>"; };
		A67D5A9F28C1F54900624B25 /* NewsList.swift */ = {isa = PBXFileReference; lastKnownFileType = sourcecode.swift; path = NewsList.swift; sourceTree = "<group>"; };
/* End PBXFileReference section */

/* Begin PBXFrameworksBuildPhase section */
		A67D5A6D28C0537D00624B25 /* Frameworks */ = {
			isa = PBXFrameworksBuildPhase;
			buildActionMask = 2147483647;
			files = (
			);
			runOnlyForDeploymentPostprocessing = 0;
		};
/* End PBXFrameworksBuildPhase section */

/* Begin PBXGroup section */
		A67D5A6728C0537D00624B25 = {
			isa = PBXGroup;
			children = (
				A67D5A7228C0537D00624B25 /* NaverOpenAPITest */,
				A67D5A7128C0537D00624B25 /* Products */,
			);
			sourceTree = "<group>";
		};
		A67D5A7128C0537D00624B25 /* Products */ = {
			isa = PBXGroup;
			children = (
				A67D5A7028C0537D00624B25 /* NaverOpenAPITest.app */,
			);
			name = Products;
			sourceTree = "<group>";
		};
		A67D5A7228C0537D00624B25 /* NaverOpenAPITest */ = {
			isa = PBXGroup;
			children = (
				A67D5A9728C1E7D700624B25 /* Searchable.swift */,
				A67D5A7328C0537D00624B25 /* NaverOpenAPITestApp.swift */,
				A67D5A9428C1DBEC00624B25 /* Extension */,
				A67D5A7728C0537F00624B25 /* Assets.xcassets */,
				A67D5A7928C0537F00624B25 /* Preview Content */,
				A67D5A8F28C1CD3800624B25 /* Model */,
				A67D5A9A28C1F00D00624B25 /* View */,
				A67D5A9928C1F00600624B25 /* ViewModel */,
			);
			path = NaverOpenAPITest;
			sourceTree = "<group>";
		};
		A67D5A7928C0537F00624B25 /* Preview Content */ = {
			isa = PBXGroup;
			children = (
				A67D5A7A28C0537F00624B25 /* Preview Assets.xcassets */,
			);
			path = "Preview Content";
			sourceTree = "<group>";
		};
		A67D5A8F28C1CD3800624B25 /* Model */ = {
			isa = PBXGroup;
			children = (
				A67D5A8D28C1CD2E00624B25 /* NewsDesk.swift */,
				A67D5A8128C053EC00624B25 /* BoxOffice.swift */,
				A67D5A9028C1CD6D00624B25 /* Encyclopedia.swift */,
			);
			path = Model;
			sourceTree = "<group>";
		};
		A67D5A9428C1DBEC00624B25 /* Extension */ = {
			isa = PBXGroup;
			children = (
				A67D5A9228C1DBCD00624B25 /* AttributedString+Extension.swift */,
			);
			path = Extension;
			sourceTree = "<group>";
		};
		A67D5A9928C1F00600624B25 /* ViewModel */ = {
			isa = PBXGroup;
			children = (
				A67D5A8B28C1B74000624B25 /* Finder.swift */,
			);
			path = ViewModel;
			sourceTree = "<group>";
		};
		A67D5A9A28C1F00D00624B25 /* View */ = {
			isa = PBXGroup;
			children = (
				A67D5A9B28C1F51500624B25 /* ChoiceView.swift */,
				A67D5A8728C0551700624B25 /* MovieList.swift */,
				A67D5A9D28C1F53100624B25 /* DocumentList.swift */,
				A67D5A9F28C1F54900624B25 /* NewsList.swift */,
			);
			path = View;
			sourceTree = "<group>";
		};
/* End PBXGroup section */

/* Begin PBXNativeTarget section */
		A67D5A6F28C0537D00624B25 /* NaverOpenAPITest */ = {
			isa = PBXNativeTarget;
			buildConfigurationList = A67D5A7E28C0537F00624B25 /* Build configuration list for PBXNativeTarget "NaverOpenAPITest" */;
			buildPhases = (
				A67D5A6C28C0537D00624B25 /* Sources */,
				A67D5A6D28C0537D00624B25 /* Frameworks */,
				A67D5A6E28C0537D00624B25 /* Resources */,
			);
			buildRules = (
			);
			dependencies = (
			);
			name = NaverOpenAPITest;
			productName = NaverOpenAPITest;
			productReference = A67D5A7028C0537D00624B25 /* NaverOpenAPITest.app */;
			productType = "com.apple.product-type.application";
		};
/* End PBXNativeTarget section */

/* Begin PBXProject section */
		A67D5A6828C0537D00624B25 /* Project object */ = {
			isa = PBXProject;
			attributes = {
				BuildIndependentTargetsInParallel = 1;
				LastSwiftUpdateCheck = 1340;
				LastUpgradeCheck = 1340;
				TargetAttributes = {
					A67D5A6F28C0537D00624B25 = {
						CreatedOnToolsVersion = 13.4.1;
					};
				};
			};
			buildConfigurationList = A67D5A6B28C0537D00624B25 /* Build configuration list for PBXProject "NaverOpenAPITest" */;
			compatibilityVersion = "Xcode 13.0";
			developmentRegion = en;
			hasScannedForEncodings = 0;
			knownRegions = (
				en,
				Base,
			);
			mainGroup = A67D5A6728C0537D00624B25;
			productRefGroup = A67D5A7128C0537D00624B25 /* Products */;
			projectDirPath = "";
			projectRoot = "";
			targets = (
				A67D5A6F28C0537D00624B25 /* NaverOpenAPITest */,
			);
		};
/* End PBXProject section */

/* Begin PBXResourcesBuildPhase section */
		A67D5A6E28C0537D00624B25 /* Resources */ = {
			isa = PBXResourcesBuildPhase;
			buildActionMask = 2147483647;
			files = (
				A67D5A7B28C0537F00624B25 /* Preview Assets.xcassets in Resources */,
				A67D5A7828C0537F00624B25 /* Assets.xcassets in Resources */,
			);
			runOnlyForDeploymentPostprocessing = 0;
		};
/* End PBXResourcesBuildPhase section */

/* Begin PBXSourcesBuildPhase section */
		A67D5A6C28C0537D00624B25 /* Sources */ = {
			isa = PBXSourcesBuildPhase;
			buildActionMask = 2147483647;
			files = (
				A67D5A8C28C1B74000624B25 /* Finder.swift in Sources */,
				A67D5A9C28C1F51500624B25 /* ChoiceView.swift in Sources */,
				A67D5A8E28C1CD2E00624B25 /* NewsDesk.swift in Sources */,
				A67D5A7428C0537D00624B25 /* NaverOpenAPITestApp.swift in Sources */,
				A67D5AA028C1F54900624B25 /* NewsList.swift in Sources */,
				A67D5A9328C1DBCD00624B25 /* AttributedString+Extension.swift in Sources */,
				A67D5A8828C0551700624B25 /* MovieList.swift in Sources */,
				A67D5A9E28C1F53100624B25 /* DocumentList.swift in Sources */,
				A67D5A9828C1E7D700624B25 /* Searchable.swift in Sources */,
				A67D5A9128C1CD6D00624B25 /* Encyclopedia.swift in Sources */,
				A67D5A8228C053EC00624B25 /* BoxOffice.swift in Sources */,
			);
			runOnlyForDeploymentPostprocessing = 0;
		};
/* End PBXSourcesBuildPhase section */

/* Begin XCBuildConfiguration section */
		A67D5A7C28C0537F00624B25 /* Debug */ = {
			isa = XCBuildConfiguration;
			buildSettings = {
				ALWAYS_SEARCH_USER_PATHS = NO;
				CLANG_ANALYZER_NONNULL = YES;
				CLANG_ANALYZER_NUMBER_OBJECT_CONVERSION = YES_AGGRESSIVE;
				CLANG_CXX_LANGUAGE_STANDARD = "gnu++17";
				CLANG_ENABLE_MODULES = YES;
				CLANG_ENABLE_OBJC_ARC = YES;
				CLANG_ENABLE_OBJC_WEAK = YES;
				CLANG_WARN_BLOCK_CAPTURE_AUTORELEASING = YES;
				CLANG_WARN_BOOL_CONVERSION = YES;
				CLANG_WARN_COMMA = YES;
				CLANG_WARN_CONSTANT_CONVERSION = YES;
				CLANG_WARN_DEPRECATED_OBJC_IMPLEMENTATIONS = YES;
				CLANG_WARN_DIRECT_OBJC_ISA_USAGE = YES_ERROR;
				CLANG_WARN_DOCUMENTATION_COMMENTS = YES;
				CLANG_WARN_EMPTY_BODY = YES;
				CLANG_WARN_ENUM_CONVERSION = YES;
				CLANG_WARN_INFINITE_RECURSION = YES;
				CLANG_WARN_INT_CONVERSION = YES;
				CLANG_WARN_NON_LITERAL_NULL_CONVERSION = YES;
				CLANG_WARN_OBJC_IMPLICIT_RETAIN_SELF = YES;
				CLANG_WARN_OBJC_LITERAL_CONVERSION = YES;
				CLANG_WARN_OBJC_ROOT_CLASS = YES_ERROR;
				CLANG_WARN_QUOTED_INCLUDE_IN_FRAMEWORK_HEADER = YES;
				CLANG_WARN_RANGE_LOOP_ANALYSIS = YES;
				CLANG_WARN_STRICT_PROTOTYPES = YES;
				CLANG_WARN_SUSPICIOUS_MOVE = YES;
				CLANG_WARN_UNGUARDED_AVAILABILITY = YES_AGGRESSIVE;
				CLANG_WARN_UNREACHABLE_CODE = YES;
				CLANG_WARN__DUPLICATE_METHOD_MATCH = YES;
				COPY_PHASE_STRIP = NO;
				DEBUG_INFORMATION_FORMAT = dwarf;
				ENABLE_STRICT_OBJC_MSGSEND = YES;
				ENABLE_TESTABILITY = YES;
				GCC_C_LANGUAGE_STANDARD = gnu11;
				GCC_DYNAMIC_NO_PIC = NO;
				GCC_NO_COMMON_BLOCKS = YES;
				GCC_OPTIMIZATION_LEVEL = 0;
				GCC_PREPROCESSOR_DEFINITIONS = (
					"DEBUG=1",
					"$(inherited)",
				);
				GCC_WARN_64_TO_32_BIT_CONVERSION = YES;
				GCC_WARN_ABOUT_RETURN_TYPE = YES_ERROR;
				GCC_WARN_UNDECLARED_SELECTOR = YES;
				GCC_WARN_UNINITIALIZED_AUTOS = YES_AGGRESSIVE;
				GCC_WARN_UNUSED_FUNCTION = YES;
				GCC_WARN_UNUSED_VARIABLE = YES;
				IPHONEOS_DEPLOYMENT_TARGET = 15.5;
				MTL_ENABLE_DEBUG_INFO = INCLUDE_SOURCE;
				MTL_FAST_MATH = YES;
				ONLY_ACTIVE_ARCH = YES;
				SDKROOT = iphoneos;
				SWIFT_ACTIVE_COMPILATION_CONDITIONS = DEBUG;
				SWIFT_OPTIMIZATION_LEVEL = "-Onone";
			};
			name = Debug;
		};
		A67D5A7D28C0537F00624B25 /* Release */ = {
			isa = XCBuildConfiguration;
			buildSettings = {
				ALWAYS_SEARCH_USER_PATHS = NO;
				CLANG_ANALYZER_NONNULL = YES;
				CLANG_ANALYZER_NUMBER_OBJECT_CONVERSION = YES_AGGRESSIVE;
				CLANG_CXX_LANGUAGE_STANDARD = "gnu++17";
				CLANG_ENABLE_MODULES = YES;
				CLANG_ENABLE_OBJC_ARC = YES;
				CLANG_ENABLE_OBJC_WEAK = YES;
				CLANG_WARN_BLOCK_CAPTURE_AUTORELEASING = YES;
				CLANG_WARN_BOOL_CONVERSION = YES;
				CLANG_WARN_COMMA = YES;
				CLANG_WARN_CONSTANT_CONVERSION = YES;
				CLANG_WARN_DEPRECATED_OBJC_IMPLEMENTATIONS = YES;
				CLANG_WARN_DIRECT_OBJC_ISA_USAGE = YES_ERROR;
				CLANG_WARN_DOCUMENTATION_COMMENTS = YES;
				CLANG_WARN_EMPTY_BODY = YES;
				CLANG_WARN_ENUM_CONVERSION = YES;
				CLANG_WARN_INFINITE_RECURSION = YES;
				CLANG_WARN_INT_CONVERSION = YES;
				CLANG_WARN_NON_LITERAL_NULL_CONVERSION = YES;
				CLANG_WARN_OBJC_IMPLICIT_RETAIN_SELF = YES;
				CLANG_WARN_OBJC_LITERAL_CONVERSION = YES;
				CLANG_WARN_OBJC_ROOT_CLASS = YES_ERROR;
				CLANG_WARN_QUOTED_INCLUDE_IN_FRAMEWORK_HEADER = YES;
				CLANG_WARN_RANGE_LOOP_ANALYSIS = YES;
				CLANG_WARN_STRICT_PROTOTYPES = YES;
				CLANG_WARN_SUSPICIOUS_MOVE = YES;
				CLANG_WARN_UNGUARDED_AVAILABILITY = YES_AGGRESSIVE;
				CLANG_WARN_UNREACHABLE_CODE = YES;
				CLANG_WARN__DUPLICATE_METHOD_MATCH = YES;
				COPY_PHASE_STRIP = NO;
				DEBUG_INFORMATION_FORMAT = "dwarf-with-dsym";
				ENABLE_NS_ASSERTIONS = NO;
				ENABLE_STRICT_OBJC_MSGSEND = YES;
				GCC_C_LANGUAGE_STANDARD = gnu11;
				GCC_NO_COMMON_BLOCKS = YES;
				GCC_WARN_64_TO_32_BIT_CONVERSION = YES;
				GCC_WARN_ABOUT_RETURN_TYPE = YES_ERROR;
				GCC_WARN_UNDECLARED_SELECTOR = YES;
				GCC_WARN_UNINITIALIZED_AUTOS = YES_AGGRESSIVE;
				GCC_WARN_UNUSED_FUNCTION = YES;
				GCC_WARN_UNUSED_VARIABLE = YES;
				IPHONEOS_DEPLOYMENT_TARGET = 15.5;
				MTL_ENABLE_DEBUG_INFO = NO;
				MTL_FAST_MATH = YES;
				SDKROOT = iphoneos;
				SWIFT_COMPILATION_MODE = wholemodule;
				SWIFT_OPTIMIZATION_LEVEL = "-O";
				VALIDATE_PRODUCT = YES;
			};
			name = Release;
		};
		A67D5A7F28C0537F00624B25 /* Debug */ = {
			isa = XCBuildConfiguration;
			buildSettings = {
				ASSETCATALOG_COMPILER_APPICON_NAME = AppIcon;
				ASSETCATALOG_COMPILER_GLOBAL_ACCENT_COLOR_NAME = AccentColor;
				CODE_SIGN_STYLE = Automatic;
				CURRENT_PROJECT_VERSION = 1;
				DEVELOPMENT_ASSET_PATHS = "\"NaverOpenAPITest/Preview Content\"";
				DEVELOPMENT_TEAM = 3N2D6D7SCN;
				ENABLE_PREVIEWS = YES;
				GENERATE_INFOPLIST_FILE = YES;
				INFOPLIST_KEY_UIApplicationSceneManifest_Generation = YES;
				INFOPLIST_KEY_UIApplicationSupportsIndirectInputEvents = YES;
				INFOPLIST_KEY_UILaunchScreen_Generation = YES;
				INFOPLIST_KEY_UISupportedInterfaceOrientations_iPad = "UIInterfaceOrientationPortrait UIInterfaceOrientationPortraitUpsideDown UIInterfaceOrientationLandscapeLeft UIInterfaceOrientationLandscapeRight";
				INFOPLIST_KEY_UISupportedInterfaceOrientations_iPhone = "UIInterfaceOrientationPortrait UIInterfaceOrientationLandscapeLeft UIInterfaceOrientationLandscapeRight";
				LD_RUNPATH_SEARCH_PATHS = (
					"$(inherited)",
					"@executable_path/Frameworks",
				);
				MARKETING_VERSION = 1.0;
				PRODUCT_BUNDLE_IDENTIFIER = com.ohs.NaverOpenAPITest;
				PRODUCT_NAME = "$(TARGET_NAME)";
				SWIFT_EMIT_LOC_STRINGS = YES;
				SWIFT_VERSION = 5.0;
				TARGETED_DEVICE_FAMILY = "1,2";
			};
			name = Debug;
		};
		A67D5A8028C0537F00624B25 /* Release */ = {
			isa = XCBuildConfiguration;
			buildSettings = {
				ASSETCATALOG_COMPILER_APPICON_NAME = AppIcon;
				ASSETCATALOG_COMPILER_GLOBAL_ACCENT_COLOR_NAME = AccentColor;
				CODE_SIGN_STYLE = Automatic;
				CURRENT_PROJECT_VERSION = 1;
				DEVELOPMENT_ASSET_PATHS = "\"NaverOpenAPITest/Preview Content\"";
				DEVELOPMENT_TEAM = 3N2D6D7SCN;
				ENABLE_PREVIEWS = YES;
				GENERATE_INFOPLIST_FILE = YES;
				INFOPLIST_KEY_UIApplicationSceneManifest_Generation = YES;
				INFOPLIST_KEY_UIApplicationSupportsIndirectInputEvents = YES;
				INFOPLIST_KEY_UILaunchScreen_Generation = YES;
				INFOPLIST_KEY_UISupportedInterfaceOrientations_iPad = "UIInterfaceOrientationPortrait UIInterfaceOrientationPortraitUpsideDown UIInterfaceOrientationLandscapeLeft UIInterfaceOrientationLandscapeRight";
				INFOPLIST_KEY_UISupportedInterfaceOrientations_iPhone = "UIInterfaceOrientationPortrait UIInterfaceOrientationLandscapeLeft UIInterfaceOrientationLandscapeRight";
				LD_RUNPATH_SEARCH_PATHS = (
					"$(inherited)",
					"@executable_path/Frameworks",
				);
				MARKETING_VERSION = 1.0;
				PRODUCT_BUNDLE_IDENTIFIER = com.ohs.NaverOpenAPITest;
				PRODUCT_NAME = "$(TARGET_NAME)";
				SWIFT_EMIT_LOC_STRINGS = YES;
				SWIFT_VERSION = 5.0;
				TARGETED_DEVICE_FAMILY = "1,2";
			};
			name = Release;
		};
/* End XCBuildConfiguration section */

/* Begin XCConfigurationList section */
		A67D5A6B28C0537D00624B25 /* Build configuration list for PBXProject "NaverOpenAPITest" */ = {
			isa = XCConfigurationList;
			buildConfigurations = (
				A67D5A7C28C0537F00624B25 /* Debug */,
				A67D5A7D28C0537F00624B25 /* Release */,
			);
			defaultConfigurationIsVisible = 0;
			defaultConfigurationName = Release;
		};
		A67D5A7E28C0537F00624B25 /* Build configuration list for PBXNativeTarget "NaverOpenAPITest" */ = {
			isa = XCConfigurationList;
			buildConfigurations = (
				A67D5A7F28C0537F00624B25 /* Debug */,
				A67D5A8028C0537F00624B25 /* Release */,
			);
			defaultConfigurationIsVisible = 0;
			defaultConfigurationName = Release;
		};
/* End XCConfigurationList section */
	};
	rootObject = A67D5A6828C0537D00624B25 /* Project object */;
}
