// !$*UTF8*$!
{
	archiveVersion = 1;
	classes = {
	};
	objectVersion = 55;
	objects = {

/* Begin PBXBuildFile section */
		D4265FDE289D05BE007B9AD9 /* LifrCycle.swift in Sources */ = {isa = PBXBuildFile; fileRef = D4265FDD289D05BE007B9AD9 /* LifrCycle.swift */; };
		D4265FE0289D05BE007B9AD9 /* ContentView.swift in Sources */ = {isa = PBXBuildFile; fileRef = D4265FDF289D05BE007B9AD9 /* ContentView.swift */; };
		D4265FE2289D05BF007B9AD9 /* Assets.xcassets in Resources */ = {isa = PBXBuildFile; fileRef = D4265FE1289D05BF007B9AD9 /* Assets.xcassets */; };
		D4265FE5289D05BF007B9AD9 /* Preview Assets.xcassets in Resources */ = {isa = PBXBuildFile; fileRef = D4265FE4289D05BF007B9AD9 /* Preview Assets.xcassets */; };
		D4265FEC289D0643007B9AD9 /* GameManagerViewModel.swift in Sources */ = {isa = PBXBuildFile; fileRef = D4265FEB289D0643007B9AD9 /* GameManagerViewModel.swift */; };
		D4265FEE289D093E007B9AD9 /* ThemeModel.swift in Sources */ = {isa = PBXBuildFile; fileRef = D4265FED289D093E007B9AD9 /* ThemeModel.swift */; };
		D4265FF0289D095D007B9AD9 /* ConstantData.swift in Sources */ = {isa = PBXBuildFile; fileRef = D4265FEF289D095D007B9AD9 /* ConstantData.swift */; };
		D4265FF2289D0A24007B9AD9 /* GameModel.swift in Sources */ = {isa = PBXBuildFile; fileRef = D4265FF1289D0A24007B9AD9 /* GameModel.swift */; };
/* End PBXBuildFile section */

/* Begin PBXFileReference section */
		D4265FDA289D05BE007B9AD9 /* 2022-ios-2week-newArchitecture.app */ = {isa = PBXFileReference; explicitFileType = wrapper.application; includeInIndex = 0; path = "2022-ios-2week-newArchitecture.app"; sourceTree = BUILT_PRODUCTS_DIR; };
		D4265FDD289D05BE007B9AD9 /* LifrCycle.swift */ = {isa = PBXFileReference; lastKnownFileType = sourcecode.swift; path = LifrCycle.swift; sourceTree = "<group>"; };
		D4265FDF289D05BE007B9AD9 /* ContentView.swift */ = {isa = PBXFileReference; lastKnownFileType = sourcecode.swift; path = ContentView.swift; sourceTree = "<group>"; };
		D4265FE1289D05BF007B9AD9 /* Assets.xcassets */ = {isa = PBXFileReference; lastKnownFileType = folder.assetcatalog; path = Assets.xcassets; sourceTree = "<group>"; };
		D4265FE4289D05BF007B9AD9 /* Preview Assets.xcassets */ = {isa = PBXFileReference; lastKnownFileType = folder.assetcatalog; path = "Preview Assets.xcassets"; sourceTree = "<group>"; };
		D4265FEB289D0643007B9AD9 /* GameManagerViewModel.swift */ = {isa = PBXFileReference; lastKnownFileType = sourcecode.swift; path = GameManagerViewModel.swift; sourceTree = "<group>"; };
		D4265FED289D093E007B9AD9 /* ThemeModel.swift */ = {isa = PBXFileReference; lastKnownFileType = sourcecode.swift; path = ThemeModel.swift; sourceTree = "<group>"; };
		D4265FEF289D095D007B9AD9 /* ConstantData.swift */ = {isa = PBXFileReference; lastKnownFileType = sourcecode.swift; path = ConstantData.swift; sourceTree = "<group>"; };
		D4265FF1289D0A24007B9AD9 /* GameModel.swift */ = {isa = PBXFileReference; lastKnownFileType = sourcecode.swift; path = GameModel.swift; sourceTree = "<group>"; };
/* End PBXFileReference section */

/* Begin PBXFrameworksBuildPhase section */
		D4265FD7289D05BE007B9AD9 /* Frameworks */ = {
			isa = PBXFrameworksBuildPhase;
			buildActionMask = 2147483647;
			files = (
			);
			runOnlyForDeploymentPostprocessing = 0;
		};
/* End PBXFrameworksBuildPhase section */

/* Begin PBXGroup section */
		D4265FD1289D05BE007B9AD9 = {
			isa = PBXGroup;
			children = (
				D4265FDC289D05BE007B9AD9 /* 2022-ios-2week-newArchitecture */,
				D4265FDB289D05BE007B9AD9 /* Products */,
			);
			sourceTree = "<group>";
		};
		D4265FDB289D05BE007B9AD9 /* Products */ = {
			isa = PBXGroup;
			children = (
				D4265FDA289D05BE007B9AD9 /* 2022-ios-2week-newArchitecture.app */,
			);
			name = Products;
			sourceTree = "<group>";
		};
		D4265FDC289D05BE007B9AD9 /* 2022-ios-2week-newArchitecture */ = {
			isa = PBXGroup;
			children = (
				D4265FE3289D05BF007B9AD9 /* Preview Content */,
				D4265FE1289D05BF007B9AD9 /* Assets.xcassets */,
				D4265FDD289D05BE007B9AD9 /* LifrCycle.swift */,
				D4265FDF289D05BE007B9AD9 /* ContentView.swift */,
				D4265FF1289D0A24007B9AD9 /* GameModel.swift */,
				D4265FED289D093E007B9AD9 /* ThemeModel.swift */,
				D4265FEF289D095D007B9AD9 /* ConstantData.swift */,
				D4265FEB289D0643007B9AD9 /* GameManagerViewModel.swift */,
			);
			path = "2022-ios-2week-newArchitecture";
			sourceTree = "<group>";
		};
		D4265FE3289D05BF007B9AD9 /* Preview Content */ = {
			isa = PBXGroup;
			children = (
				D4265FE4289D05BF007B9AD9 /* Preview Assets.xcassets */,
			);
			path = "Preview Content";
			sourceTree = "<group>";
		};
/* End PBXGroup section */

/* Begin PBXNativeTarget section */
		D4265FD9289D05BE007B9AD9 /* 2022-ios-2week-newArchitecture */ = {
			isa = PBXNativeTarget;
			buildConfigurationList = D4265FE8289D05BF007B9AD9 /* Build configuration list for PBXNativeTarget "2022-ios-2week-newArchitecture" */;
			buildPhases = (
				D4265FD6289D05BE007B9AD9 /* Sources */,
				D4265FD7289D05BE007B9AD9 /* Frameworks */,
				D4265FD8289D05BE007B9AD9 /* Resources */,
			);
			buildRules = (
			);
			dependencies = (
			);
			name = "2022-ios-2week-newArchitecture";
			productName = "2022-ios-2week-newArchitecture";
			productReference = D4265FDA289D05BE007B9AD9 /* 2022-ios-2week-newArchitecture.app */;
			productType = "com.apple.product-type.application";
		};
/* End PBXNativeTarget section */

/* Begin PBXProject section */
		D4265FD2289D05BE007B9AD9 /* Project object */ = {
			isa = PBXProject;
			attributes = {
				BuildIndependentTargetsInParallel = 1;
				LastSwiftUpdateCheck = 1340;
				LastUpgradeCheck = 1340;
				TargetAttributes = {
					D4265FD9289D05BE007B9AD9 = {
						CreatedOnToolsVersion = 13.4.1;
					};
				};
			};
			buildConfigurationList = D4265FD5289D05BE007B9AD9 /* Build configuration list for PBXProject "2022-ios-2week-newArchitecture" */;
			compatibilityVersion = "Xcode 13.0";
			developmentRegion = en;
			hasScannedForEncodings = 0;
			knownRegions = (
				en,
				Base,
			);
			mainGroup = D4265FD1289D05BE007B9AD9;
			productRefGroup = D4265FDB289D05BE007B9AD9 /* Products */;
			projectDirPath = "";
			projectRoot = "";
			targets = (
				D4265FD9289D05BE007B9AD9 /* 2022-ios-2week-newArchitecture */,
			);
		};
/* End PBXProject section */

/* Begin PBXResourcesBuildPhase section */
		D4265FD8289D05BE007B9AD9 /* Resources */ = {
			isa = PBXResourcesBuildPhase;
			buildActionMask = 2147483647;
			files = (
				D4265FE5289D05BF007B9AD9 /* Preview Assets.xcassets in Resources */,
				D4265FE2289D05BF007B9AD9 /* Assets.xcassets in Resources */,
			);
			runOnlyForDeploymentPostprocessing = 0;
		};
/* End PBXResourcesBuildPhase section */

/* Begin PBXSourcesBuildPhase section */
		D4265FD6289D05BE007B9AD9 /* Sources */ = {
			isa = PBXSourcesBuildPhase;
			buildActionMask = 2147483647;
			files = (
				D4265FE0289D05BE007B9AD9 /* ContentView.swift in Sources */,
				D4265FF0289D095D007B9AD9 /* ConstantData.swift in Sources */,
				D4265FDE289D05BE007B9AD9 /* LifrCycle.swift in Sources */,
				D4265FEC289D0643007B9AD9 /* GameManagerViewModel.swift in Sources */,
				D4265FEE289D093E007B9AD9 /* ThemeModel.swift in Sources */,
				D4265FF2289D0A24007B9AD9 /* GameModel.swift in Sources */,
			);
			runOnlyForDeploymentPostprocessing = 0;
		};
/* End PBXSourcesBuildPhase section */

/* Begin XCBuildConfiguration section */
		D4265FE6289D05BF007B9AD9 /* Debug */ = {
			isa = XCBuildConfiguration;
			buildSettings = {
				ALWAYS_SEARCH_USER_PATHS = NO;
				CLANG_ANALYZER_NONNULL = YES;
				CLANG_ANALYZER_NUMBER_OBJECT_CONVERSION = YES_AGGRESSIVE;
				CLANG_CXX_LANGUAGE_STANDARD = "gnu++17";
				CLANG_ENABLE_MODULES = YES;
				CLANG_ENABLE_OBJC_ARC = YES;
				CLANG_ENABLE_OBJC_WEAK = YES;
				CLANG_WARN_BLOCK_CAPTURE_AUTORELEASING = YES;
				CLANG_WARN_BOOL_CONVERSION = YES;
				CLANG_WARN_COMMA = YES;
				CLANG_WARN_CONSTANT_CONVERSION = YES;
				CLANG_WARN_DEPRECATED_OBJC_IMPLEMENTATIONS = YES;
				CLANG_WARN_DIRECT_OBJC_ISA_USAGE = YES_ERROR;
				CLANG_WARN_DOCUMENTATION_COMMENTS = YES;
				CLANG_WARN_EMPTY_BODY = YES;
				CLANG_WARN_ENUM_CONVERSION = YES;
				CLANG_WARN_INFINITE_RECURSION = YES;
				CLANG_WARN_INT_CONVERSION = YES;
				CLANG_WARN_NON_LITERAL_NULL_CONVERSION = YES;
				CLANG_WARN_OBJC_IMPLICIT_RETAIN_SELF = YES;
				CLANG_WARN_OBJC_LITERAL_CONVERSION = YES;
				CLANG_WARN_OBJC_ROOT_CLASS = YES_ERROR;
				CLANG_WARN_QUOTED_INCLUDE_IN_FRAMEWORK_HEADER = YES;
				CLANG_WARN_RANGE_LOOP_ANALYSIS = YES;
				CLANG_WARN_STRICT_PROTOTYPES = YES;
				CLANG_WARN_SUSPICIOUS_MOVE = YES;
				CLANG_WARN_UNGUARDED_AVAILABILITY = YES_AGGRESSIVE;
				CLANG_WARN_UNREACHABLE_CODE = YES;
				CLANG_WARN__DUPLICATE_METHOD_MATCH = YES;
				COPY_PHASE_STRIP = NO;
				DEBUG_INFORMATION_FORMAT = dwarf;
				ENABLE_STRICT_OBJC_MSGSEND = YES;
				ENABLE_TESTABILITY = YES;
				GCC_C_LANGUAGE_STANDARD = gnu11;
				GCC_DYNAMIC_NO_PIC = NO;
				GCC_NO_COMMON_BLOCKS = YES;
				GCC_OPTIMIZATION_LEVEL = 0;
				GCC_PREPROCESSOR_DEFINITIONS = (
					"DEBUG=1",
					"$(inherited)",
				);
				GCC_WARN_64_TO_32_BIT_CONVERSION = YES;
				GCC_WARN_ABOUT_RETURN_TYPE = YES_ERROR;
				GCC_WARN_UNDECLARED_SELECTOR = YES;
				GCC_WARN_UNINITIALIZED_AUTOS = YES_AGGRESSIVE;
				GCC_WARN_UNUSED_FUNCTION = YES;
				GCC_WARN_UNUSED_VARIABLE = YES;
				IPHONEOS_DEPLOYMENT_TARGET = 15.5;
				MTL_ENABLE_DEBUG_INFO = INCLUDE_SOURCE;
				MTL_FAST_MATH = YES;
				ONLY_ACTIVE_ARCH = YES;
				SDKROOT = iphoneos;
				SWIFT_ACTIVE_COMPILATION_CONDITIONS = DEBUG;
				SWIFT_OPTIMIZATION_LEVEL = "-Onone";
			};
			name = Debug;
		};
		D4265FE7289D05BF007B9AD9 /* Release */ = {
			isa = XCBuildConfiguration;
			buildSettings = {
				ALWAYS_SEARCH_USER_PATHS = NO;
				CLANG_ANALYZER_NONNULL = YES;
				CLANG_ANALYZER_NUMBER_OBJECT_CONVERSION = YES_AGGRESSIVE;
				CLANG_CXX_LANGUAGE_STANDARD = "gnu++17";
				CLANG_ENABLE_MODULES = YES;
				CLANG_ENABLE_OBJC_ARC = YES;
				CLANG_ENABLE_OBJC_WEAK = YES;
				CLANG_WARN_BLOCK_CAPTURE_AUTORELEASING = YES;
				CLANG_WARN_BOOL_CONVERSION = YES;
				CLANG_WARN_COMMA = YES;
				CLANG_WARN_CONSTANT_CONVERSION = YES;
				CLANG_WARN_DEPRECATED_OBJC_IMPLEMENTATIONS = YES;
				CLANG_WARN_DIRECT_OBJC_ISA_USAGE = YES_ERROR;
				CLANG_WARN_DOCUMENTATION_COMMENTS = YES;
				CLANG_WARN_EMPTY_BODY = YES;
				CLANG_WARN_ENUM_CONVERSION = YES;
				CLANG_WARN_INFINITE_RECURSION = YES;
				CLANG_WARN_INT_CONVERSION = YES;
				CLANG_WARN_NON_LITERAL_NULL_CONVERSION = YES;
				CLANG_WARN_OBJC_IMPLICIT_RETAIN_SELF = YES;
				CLANG_WARN_OBJC_LITERAL_CONVERSION = YES;
				CLANG_WARN_OBJC_ROOT_CLASS = YES_ERROR;
				CLANG_WARN_QUOTED_INCLUDE_IN_FRAMEWORK_HEADER = YES;
				CLANG_WARN_RANGE_LOOP_ANALYSIS = YES;
				CLANG_WARN_STRICT_PROTOTYPES = YES;
				CLANG_WARN_SUSPICIOUS_MOVE = YES;
				CLANG_WARN_UNGUARDED_AVAILABILITY = YES_AGGRESSIVE;
				CLANG_WARN_UNREACHABLE_CODE = YES;
				CLANG_WARN__DUPLICATE_METHOD_MATCH = YES;
				COPY_PHASE_STRIP = NO;
				DEBUG_INFORMATION_FORMAT = "dwarf-with-dsym";
				ENABLE_NS_ASSERTIONS = NO;
				ENABLE_STRICT_OBJC_MSGSEND = YES;
				GCC_C_LANGUAGE_STANDARD = gnu11;
				GCC_NO_COMMON_BLOCKS = YES;
				GCC_WARN_64_TO_32_BIT_CONVERSION = YES;
				GCC_WARN_ABOUT_RETURN_TYPE = YES_ERROR;
				GCC_WARN_UNDECLARED_SELECTOR = YES;
				GCC_WARN_UNINITIALIZED_AUTOS = YES_AGGRESSIVE;
				GCC_WARN_UNUSED_FUNCTION = YES;
				GCC_WARN_UNUSED_VARIABLE = YES;
				IPHONEOS_DEPLOYMENT_TARGET = 15.5;
				MTL_ENABLE_DEBUG_INFO = NO;
				MTL_FAST_MATH = YES;
				SDKROOT = iphoneos;
				SWIFT_COMPILATION_MODE = wholemodule;
				SWIFT_OPTIMIZATION_LEVEL = "-O";
				VALIDATE_PRODUCT = YES;
			};
			name = Release;
		};
		D4265FE9289D05BF007B9AD9 /* Debug */ = {
			isa = XCBuildConfiguration;
			buildSettings = {
				ASSETCATALOG_COMPILER_APPICON_NAME = AppIcon;
				ASSETCATALOG_COMPILER_GLOBAL_ACCENT_COLOR_NAME = AccentColor;
				CODE_SIGN_STYLE = Automatic;
				CURRENT_PROJECT_VERSION = 1;
				DEVELOPMENT_ASSET_PATHS = "\"2022-ios-2week-newArchitecture/Preview Content\"";
				DEVELOPMENT_TEAM = VT6KC94KM7;
				ENABLE_PREVIEWS = YES;
				GENERATE_INFOPLIST_FILE = YES;
				INFOPLIST_KEY_UIApplicationSceneManifest_Generation = YES;
				INFOPLIST_KEY_UIApplicationSupportsIndirectInputEvents = YES;
				INFOPLIST_KEY_UILaunchScreen_Generation = YES;
				INFOPLIST_KEY_UISupportedInterfaceOrientations_iPad = "UIInterfaceOrientationPortrait UIInterfaceOrientationPortraitUpsideDown UIInterfaceOrientationLandscapeLeft UIInterfaceOrientationLandscapeRight";
				INFOPLIST_KEY_UISupportedInterfaceOrientations_iPhone = "UIInterfaceOrientationPortrait UIInterfaceOrientationLandscapeLeft UIInterfaceOrientationLandscapeRight";
				LD_RUNPATH_SEARCH_PATHS = (
					"$(inherited)",
					"@executable_path/Frameworks",
				);
				MARKETING_VERSION = 1.0;
				PRODUCT_BUNDLE_IDENTIFIER = "pccommen.-022-ios-2week-newArchitecture";
				PRODUCT_NAME = "$(TARGET_NAME)";
				SWIFT_EMIT_LOC_STRINGS = YES;
				SWIFT_VERSION = 5.0;
				TARGETED_DEVICE_FAMILY = "1,2";
			};
			name = Debug;
		};
		D4265FEA289D05BF007B9AD9 /* Release */ = {
			isa = XCBuildConfiguration;
			buildSettings = {
				ASSETCATALOG_COMPILER_APPICON_NAME = AppIcon;
				ASSETCATALOG_COMPILER_GLOBAL_ACCENT_COLOR_NAME = AccentColor;
				CODE_SIGN_STYLE = Automatic;
				CURRENT_PROJECT_VERSION = 1;
				DEVELOPMENT_ASSET_PATHS = "\"2022-ios-2week-newArchitecture/Preview Content\"";
				DEVELOPMENT_TEAM = VT6KC94KM7;
				ENABLE_PREVIEWS = YES;
				GENERATE_INFOPLIST_FILE = YES;
				INFOPLIST_KEY_UIApplicationSceneManifest_Generation = YES;
				INFOPLIST_KEY_UIApplicationSupportsIndirectInputEvents = YES;
				INFOPLIST_KEY_UILaunchScreen_Generation = YES;
				INFOPLIST_KEY_UISupportedInterfaceOrientations_iPad = "UIInterfaceOrientationPortrait UIInterfaceOrientationPortraitUpsideDown UIInterfaceOrientationLandscapeLeft UIInterfaceOrientationLandscapeRight";
				INFOPLIST_KEY_UISupportedInterfaceOrientations_iPhone = "UIInterfaceOrientationPortrait UIInterfaceOrientationLandscapeLeft UIInterfaceOrientationLandscapeRight";
				LD_RUNPATH_SEARCH_PATHS = (
					"$(inherited)",
					"@executable_path/Frameworks",
				);
				MARKETING_VERSION = 1.0;
				PRODUCT_BUNDLE_IDENTIFIER = "pccommen.-022-ios-2week-newArchitecture";
				PRODUCT_NAME = "$(TARGET_NAME)";
				SWIFT_EMIT_LOC_STRINGS = YES;
				SWIFT_VERSION = 5.0;
				TARGETED_DEVICE_FAMILY = "1,2";
			};
			name = Release;
		};
/* End XCBuildConfiguration section */

/* Begin XCConfigurationList section */
		D4265FD5289D05BE007B9AD9 /* Build configuration list for PBXProject "2022-ios-2week-newArchitecture" */ = {
			isa = XCConfigurationList;
			buildConfigurations = (
				D4265FE6289D05BF007B9AD9 /* Debug */,
				D4265FE7289D05BF007B9AD9 /* Release */,
			);
			defaultConfigurationIsVisible = 0;
			defaultConfigurationName = Release;
		};
		D4265FE8289D05BF007B9AD9 /* Build configuration list for PBXNativeTarget "2022-ios-2week-newArchitecture" */ = {
			isa = XCConfigurationList;
			buildConfigurations = (
				D4265FE9289D05BF007B9AD9 /* Debug */,
				D4265FEA289D05BF007B9AD9 /* Release */,
			);
			defaultConfigurationIsVisible = 0;
			defaultConfigurationName = Release;
		};
/* End XCConfigurationList section */
	};
	rootObject = D4265FD2289D05BE007B9AD9 /* Project object */;
}
