// !$*UTF8*$!
{
	archiveVersion = 1;
	classes = {
	};
	objectVersion = 55;
	objects = {

/* Begin PBXBuildFile section */
		F3776EF7289F82B4000605DE /* MemorizeApp.swift in Sources */ = {isa = PBXBuildFile; fileRef = F3776EF6289F82B4000605DE /* MemorizeApp.swift */; };
		F3776EFB289F82B5000605DE /* Assets.xcassets in Resources */ = {isa = PBXBuildFile; fileRef = F3776EFA289F82B5000605DE /* Assets.xcassets */; };
		F3776EFE289F82B5000605DE /* Preview Assets.xcassets in Resources */ = {isa = PBXBuildFile; fileRef = F3776EFD289F82B5000605DE /* Preview Assets.xcassets */; };
		F3776F06289F82FC000605DE /* MemoryGame.swift in Sources */ = {isa = PBXBuildFile; fileRef = F3776F05289F82FC000605DE /* MemoryGame.swift */; };
		F3776F09289F833D000605DE /* CardListView.swift in Sources */ = {isa = PBXBuildFile; fileRef = F3776F08289F833D000605DE /* CardListView.swift */; };
		F3776F0B289F834A000605DE /* CardView.swift in Sources */ = {isa = PBXBuildFile; fileRef = F3776F0A289F834A000605DE /* CardView.swift */; };
		F3776F0D289F835C000605DE /* FooterView.swift in Sources */ = {isa = PBXBuildFile; fileRef = F3776F0C289F835C000605DE /* FooterView.swift */; };
		F3776F0F289F8375000605DE /* GameBoradView.swift in Sources */ = {isa = PBXBuildFile; fileRef = F3776F0E289F8375000605DE /* GameBoradView.swift */; };
		F3776F11289F838D000605DE /* GameOverView.swift in Sources */ = {isa = PBXBuildFile; fileRef = F3776F10289F838D000605DE /* GameOverView.swift */; };
		F3776F13289F83A9000605DE /* HeaderView.swift in Sources */ = {isa = PBXBuildFile; fileRef = F3776F12289F83A9000605DE /* HeaderView.swift */; };
		F3776F15289F83D0000605DE /* PointView.swift in Sources */ = {isa = PBXBuildFile; fileRef = F3776F14289F83D0000605DE /* PointView.swift */; };
		F3776F18289F841F000605DE /* ThemeMemoryGame.swift in Sources */ = {isa = PBXBuildFile; fileRef = F3776F17289F841F000605DE /* ThemeMemoryGame.swift */; };
		F3776F1C289F8755000605DE /* Theme.swift in Sources */ = {isa = PBXBuildFile; fileRef = F3776F1B289F8755000605DE /* Theme.swift */; };
/* End PBXBuildFile section */

/* Begin PBXFileReference section */
		F3776EF3289F82B4000605DE /* Memorize.app */ = {isa = PBXFileReference; explicitFileType = wrapper.application; includeInIndex = 0; path = Memorize.app; sourceTree = BUILT_PRODUCTS_DIR; };
		F3776EF6289F82B4000605DE /* MemorizeApp.swift */ = {isa = PBXFileReference; lastKnownFileType = sourcecode.swift; path = MemorizeApp.swift; sourceTree = "<group>"; };
		F3776EFA289F82B5000605DE /* Assets.xcassets */ = {isa = PBXFileReference; lastKnownFileType = folder.assetcatalog; path = Assets.xcassets; sourceTree = "<group>"; };
		F3776EFD289F82B5000605DE /* Preview Assets.xcassets */ = {isa = PBXFileReference; lastKnownFileType = folder.assetcatalog; path = "Preview Assets.xcassets"; sourceTree = "<group>"; };
		F3776F05289F82FC000605DE /* MemoryGame.swift */ = {isa = PBXFileReference; lastKnownFileType = sourcecode.swift; path = MemoryGame.swift; sourceTree = "<group>"; };
		F3776F08289F833D000605DE /* CardListView.swift */ = {isa = PBXFileReference; lastKnownFileType = sourcecode.swift; path = CardListView.swift; sourceTree = "<group>"; };
		F3776F0A289F834A000605DE /* CardView.swift */ = {isa = PBXFileReference; lastKnownFileType = sourcecode.swift; path = CardView.swift; sourceTree = "<group>"; };
		F3776F0C289F835C000605DE /* FooterView.swift */ = {isa = PBXFileReference; lastKnownFileType = sourcecode.swift; path = FooterView.swift; sourceTree = "<group>"; };
		F3776F0E289F8375000605DE /* GameBoradView.swift */ = {isa = PBXFileReference; lastKnownFileType = sourcecode.swift; path = GameBoradView.swift; sourceTree = "<group>"; };
		F3776F10289F838D000605DE /* GameOverView.swift */ = {isa = PBXFileReference; lastKnownFileType = sourcecode.swift; path = GameOverView.swift; sourceTree = "<group>"; };
		F3776F12289F83A9000605DE /* HeaderView.swift */ = {isa = PBXFileReference; lastKnownFileType = sourcecode.swift; path = HeaderView.swift; sourceTree = "<group>"; };
		F3776F14289F83D0000605DE /* PointView.swift */ = {isa = PBXFileReference; lastKnownFileType = sourcecode.swift; path = PointView.swift; sourceTree = "<group>"; };
		F3776F17289F841F000605DE /* ThemeMemoryGame.swift */ = {isa = PBXFileReference; lastKnownFileType = sourcecode.swift; path = ThemeMemoryGame.swift; sourceTree = "<group>"; };
		F3776F1B289F8755000605DE /* Theme.swift */ = {isa = PBXFileReference; lastKnownFileType = sourcecode.swift; path = Theme.swift; sourceTree = "<group>"; };
/* End PBXFileReference section */

/* Begin PBXFrameworksBuildPhase section */
		F3776EF0289F82B4000605DE /* Frameworks */ = {
			isa = PBXFrameworksBuildPhase;
			buildActionMask = 2147483647;
			files = (
			);
			runOnlyForDeploymentPostprocessing = 0;
		};
/* End PBXFrameworksBuildPhase section */

/* Begin PBXGroup section */
		F3776EEA289F82B4000605DE = {
			isa = PBXGroup;
			children = (
				F3776EF5289F82B4000605DE /* Memorize */,
				F3776EF4289F82B4000605DE /* Products */,
			);
			sourceTree = "<group>";
		};
		F3776EF4289F82B4000605DE /* Products */ = {
			isa = PBXGroup;
			children = (
				F3776EF3289F82B4000605DE /* Memorize.app */,
			);
			name = Products;
			sourceTree = "<group>";
		};
		F3776EF5289F82B4000605DE /* Memorize */ = {
			isa = PBXGroup;
			children = (
				F3776F16289F840D000605DE /* ViewModel */,
				F3776F07289F8325000605DE /* View */,
				F3776F04289F82E8000605DE /* Model */,
				F3776EF6289F82B4000605DE /* MemorizeApp.swift */,
				F3776EFA289F82B5000605DE /* Assets.xcassets */,
				F3776EFC289F82B5000605DE /* Preview Content */,
			);
			path = Memorize;
			sourceTree = "<group>";
		};
		F3776EFC289F82B5000605DE /* Preview Content */ = {
			isa = PBXGroup;
			children = (
				F3776EFD289F82B5000605DE /* Preview Assets.xcassets */,
			);
			path = "Preview Content";
			sourceTree = "<group>";
		};
		F3776F04289F82E8000605DE /* Model */ = {
			isa = PBXGroup;
			children = (
				F3776F05289F82FC000605DE /* MemoryGame.swift */,
				F3776F1B289F8755000605DE /* Theme.swift */,
			);
			path = Model;
			sourceTree = "<group>";
		};
		F3776F07289F8325000605DE /* View */ = {
			isa = PBXGroup;
			children = (
				F3776F08289F833D000605DE /* CardListView.swift */,
				F3776F0A289F834A000605DE /* CardView.swift */,
				F3776F0C289F835C000605DE /* FooterView.swift */,
				F3776F0E289F8375000605DE /* GameBoradView.swift */,
				F3776F10289F838D000605DE /* GameOverView.swift */,
				F3776F12289F83A9000605DE /* HeaderView.swift */,
				F3776F14289F83D0000605DE /* PointView.swift */,
			);
			path = View;
			sourceTree = "<group>";
		};
		F3776F16289F840D000605DE /* ViewModel */ = {
			isa = PBXGroup;
			children = (
				F3776F17289F841F000605DE /* ThemeMemoryGame.swift */,
			);
			path = ViewModel;
			sourceTree = "<group>";
		};
/* End PBXGroup section */

/* Begin PBXNativeTarget section */
		F3776EF2289F82B4000605DE /* Memorize */ = {
			isa = PBXNativeTarget;
			buildConfigurationList = F3776F01289F82B5000605DE /* Build configuration list for PBXNativeTarget "Memorize" */;
			buildPhases = (
				F3776EEF289F82B4000605DE /* Sources */,
				F3776EF0289F82B4000605DE /* Frameworks */,
				F3776EF1289F82B4000605DE /* Resources */,
			);
			buildRules = (
			);
			dependencies = (
			);
			name = Memorize;
			productName = Memorize;
			productReference = F3776EF3289F82B4000605DE /* Memorize.app */;
			productType = "com.apple.product-type.application";
		};
/* End PBXNativeTarget section */

/* Begin PBXProject section */
		F3776EEB289F82B4000605DE /* Project object */ = {
			isa = PBXProject;
			attributes = {
				BuildIndependentTargetsInParallel = 1;
				LastSwiftUpdateCheck = 1340;
				LastUpgradeCheck = 1340;
				TargetAttributes = {
					F3776EF2289F82B4000605DE = {
						CreatedOnToolsVersion = 13.4.1;
					};
				};
			};
			buildConfigurationList = F3776EEE289F82B4000605DE /* Build configuration list for PBXProject "Memorize" */;
			compatibilityVersion = "Xcode 13.0";
			developmentRegion = en;
			hasScannedForEncodings = 0;
			knownRegions = (
				en,
				Base,
			);
			mainGroup = F3776EEA289F82B4000605DE;
			productRefGroup = F3776EF4289F82B4000605DE /* Products */;
			projectDirPath = "";
			projectRoot = "";
			targets = (
				F3776EF2289F82B4000605DE /* Memorize */,
			);
		};
/* End PBXProject section */

/* Begin PBXResourcesBuildPhase section */
		F3776EF1289F82B4000605DE /* Resources */ = {
			isa = PBXResourcesBuildPhase;
			buildActionMask = 2147483647;
			files = (
				F3776EFE289F82B5000605DE /* Preview Assets.xcassets in Resources */,
				F3776EFB289F82B5000605DE /* Assets.xcassets in Resources */,
			);
			runOnlyForDeploymentPostprocessing = 0;
		};
/* End PBXResourcesBuildPhase section */

/* Begin PBXSourcesBuildPhase section */
		F3776EEF289F82B4000605DE /* Sources */ = {
			isa = PBXSourcesBuildPhase;
			buildActionMask = 2147483647;
			files = (
				F3776F13289F83A9000605DE /* HeaderView.swift in Sources */,
				F3776F06289F82FC000605DE /* MemoryGame.swift in Sources */,
				F3776F09289F833D000605DE /* CardListView.swift in Sources */,
				F3776F0D289F835C000605DE /* FooterView.swift in Sources */,
				F3776F1C289F8755000605DE /* Theme.swift in Sources */,
				F3776F18289F841F000605DE /* ThemeMemoryGame.swift in Sources */,
				F3776F15289F83D0000605DE /* PointView.swift in Sources */,
				F3776EF7289F82B4000605DE /* MemorizeApp.swift in Sources */,
				F3776F0B289F834A000605DE /* CardView.swift in Sources */,
				F3776F11289F838D000605DE /* GameOverView.swift in Sources */,
				F3776F0F289F8375000605DE /* GameBoradView.swift in Sources */,
			);
			runOnlyForDeploymentPostprocessing = 0;
		};
/* End PBXSourcesBuildPhase section */

/* Begin XCBuildConfiguration section */
		F3776EFF289F82B5000605DE /* Debug */ = {
			isa = XCBuildConfiguration;
			buildSettings = {
				ALWAYS_SEARCH_USER_PATHS = NO;
				CLANG_ANALYZER_NONNULL = YES;
				CLANG_ANALYZER_NUMBER_OBJECT_CONVERSION = YES_AGGRESSIVE;
				CLANG_CXX_LANGUAGE_STANDARD = "gnu++17";
				CLANG_ENABLE_MODULES = YES;
				CLANG_ENABLE_OBJC_ARC = YES;
				CLANG_ENABLE_OBJC_WEAK = YES;
				CLANG_WARN_BLOCK_CAPTURE_AUTORELEASING = YES;
				CLANG_WARN_BOOL_CONVERSION = YES;
				CLANG_WARN_COMMA = YES;
				CLANG_WARN_CONSTANT_CONVERSION = YES;
				CLANG_WARN_DEPRECATED_OBJC_IMPLEMENTATIONS = YES;
				CLANG_WARN_DIRECT_OBJC_ISA_USAGE = YES_ERROR;
				CLANG_WARN_DOCUMENTATION_COMMENTS = YES;
				CLANG_WARN_EMPTY_BODY = YES;
				CLANG_WARN_ENUM_CONVERSION = YES;
				CLANG_WARN_INFINITE_RECURSION = YES;
				CLANG_WARN_INT_CONVERSION = YES;
				CLANG_WARN_NON_LITERAL_NULL_CONVERSION = YES;
				CLANG_WARN_OBJC_IMPLICIT_RETAIN_SELF = YES;
				CLANG_WARN_OBJC_LITERAL_CONVERSION = YES;
				CLANG_WARN_OBJC_ROOT_CLASS = YES_ERROR;
				CLANG_WARN_QUOTED_INCLUDE_IN_FRAMEWORK_HEADER = YES;
				CLANG_WARN_RANGE_LOOP_ANALYSIS = YES;
				CLANG_WARN_STRICT_PROTOTYPES = YES;
				CLANG_WARN_SUSPICIOUS_MOVE = YES;
				CLANG_WARN_UNGUARDED_AVAILABILITY = YES_AGGRESSIVE;
				CLANG_WARN_UNREACHABLE_CODE = YES;
				CLANG_WARN__DUPLICATE_METHOD_MATCH = YES;
				COPY_PHASE_STRIP = NO;
				DEBUG_INFORMATION_FORMAT = dwarf;
				ENABLE_STRICT_OBJC_MSGSEND = YES;
				ENABLE_TESTABILITY = YES;
				GCC_C_LANGUAGE_STANDARD = gnu11;
				GCC_DYNAMIC_NO_PIC = NO;
				GCC_NO_COMMON_BLOCKS = YES;
				GCC_OPTIMIZATION_LEVEL = 0;
				GCC_PREPROCESSOR_DEFINITIONS = (
					"DEBUG=1",
					"$(inherited)",
				);
				GCC_WARN_64_TO_32_BIT_CONVERSION = YES;
				GCC_WARN_ABOUT_RETURN_TYPE = YES_ERROR;
				GCC_WARN_UNDECLARED_SELECTOR = YES;
				GCC_WARN_UNINITIALIZED_AUTOS = YES_AGGRESSIVE;
				GCC_WARN_UNUSED_FUNCTION = YES;
				GCC_WARN_UNUSED_VARIABLE = YES;
				IPHONEOS_DEPLOYMENT_TARGET = 15.5;
				MTL_ENABLE_DEBUG_INFO = INCLUDE_SOURCE;
				MTL_FAST_MATH = YES;
				ONLY_ACTIVE_ARCH = YES;
				SDKROOT = iphoneos;
				SWIFT_ACTIVE_COMPILATION_CONDITIONS = DEBUG;
				SWIFT_OPTIMIZATION_LEVEL = "-Onone";
			};
			name = Debug;
		};
		F3776F00289F82B5000605DE /* Release */ = {
			isa = XCBuildConfiguration;
			buildSettings = {
				ALWAYS_SEARCH_USER_PATHS = NO;
				CLANG_ANALYZER_NONNULL = YES;
				CLANG_ANALYZER_NUMBER_OBJECT_CONVERSION = YES_AGGRESSIVE;
				CLANG_CXX_LANGUAGE_STANDARD = "gnu++17";
				CLANG_ENABLE_MODULES = YES;
				CLANG_ENABLE_OBJC_ARC = YES;
				CLANG_ENABLE_OBJC_WEAK = YES;
				CLANG_WARN_BLOCK_CAPTURE_AUTORELEASING = YES;
				CLANG_WARN_BOOL_CONVERSION = YES;
				CLANG_WARN_COMMA = YES;
				CLANG_WARN_CONSTANT_CONVERSION = YES;
				CLANG_WARN_DEPRECATED_OBJC_IMPLEMENTATIONS = YES;
				CLANG_WARN_DIRECT_OBJC_ISA_USAGE = YES_ERROR;
				CLANG_WARN_DOCUMENTATION_COMMENTS = YES;
				CLANG_WARN_EMPTY_BODY = YES;
				CLANG_WARN_ENUM_CONVERSION = YES;
				CLANG_WARN_INFINITE_RECURSION = YES;
				CLANG_WARN_INT_CONVERSION = YES;
				CLANG_WARN_NON_LITERAL_NULL_CONVERSION = YES;
				CLANG_WARN_OBJC_IMPLICIT_RETAIN_SELF = YES;
				CLANG_WARN_OBJC_LITERAL_CONVERSION = YES;
				CLANG_WARN_OBJC_ROOT_CLASS = YES_ERROR;
				CLANG_WARN_QUOTED_INCLUDE_IN_FRAMEWORK_HEADER = YES;
				CLANG_WARN_RANGE_LOOP_ANALYSIS = YES;
				CLANG_WARN_STRICT_PROTOTYPES = YES;
				CLANG_WARN_SUSPICIOUS_MOVE = YES;
				CLANG_WARN_UNGUARDED_AVAILABILITY = YES_AGGRESSIVE;
				CLANG_WARN_UNREACHABLE_CODE = YES;
				CLANG_WARN__DUPLICATE_METHOD_MATCH = YES;
				COPY_PHASE_STRIP = NO;
				DEBUG_INFORMATION_FORMAT = "dwarf-with-dsym";
				ENABLE_NS_ASSERTIONS = NO;
				ENABLE_STRICT_OBJC_MSGSEND = YES;
				GCC_C_LANGUAGE_STANDARD = gnu11;
				GCC_NO_COMMON_BLOCKS = YES;
				GCC_WARN_64_TO_32_BIT_CONVERSION = YES;
				GCC_WARN_ABOUT_RETURN_TYPE = YES_ERROR;
				GCC_WARN_UNDECLARED_SELECTOR = YES;
				GCC_WARN_UNINITIALIZED_AUTOS = YES_AGGRESSIVE;
				GCC_WARN_UNUSED_FUNCTION = YES;
				GCC_WARN_UNUSED_VARIABLE = YES;
				IPHONEOS_DEPLOYMENT_TARGET = 15.5;
				MTL_ENABLE_DEBUG_INFO = NO;
				MTL_FAST_MATH = YES;
				SDKROOT = iphoneos;
				SWIFT_COMPILATION_MODE = wholemodule;
				SWIFT_OPTIMIZATION_LEVEL = "-O";
				VALIDATE_PRODUCT = YES;
			};
			name = Release;
		};
		F3776F02289F82B5000605DE /* Debug */ = {
			isa = XCBuildConfiguration;
			buildSettings = {
				ASSETCATALOG_COMPILER_APPICON_NAME = AppIcon;
				ASSETCATALOG_COMPILER_GLOBAL_ACCENT_COLOR_NAME = AccentColor;
				CODE_SIGN_STYLE = Automatic;
				CURRENT_PROJECT_VERSION = 1;
				DEVELOPMENT_ASSET_PATHS = "\"Memorize/Preview Content\"";
				DEVELOPMENT_TEAM = U5F437QJA7;
				ENABLE_PREVIEWS = YES;
				GENERATE_INFOPLIST_FILE = YES;
				INFOPLIST_KEY_UIApplicationSceneManifest_Generation = YES;
				INFOPLIST_KEY_UIApplicationSupportsIndirectInputEvents = YES;
				INFOPLIST_KEY_UILaunchScreen_Generation = YES;
				INFOPLIST_KEY_UISupportedInterfaceOrientations_iPad = "UIInterfaceOrientationPortrait UIInterfaceOrientationPortraitUpsideDown UIInterfaceOrientationLandscapeLeft UIInterfaceOrientationLandscapeRight";
				INFOPLIST_KEY_UISupportedInterfaceOrientations_iPhone = "UIInterfaceOrientationPortrait UIInterfaceOrientationLandscapeLeft UIInterfaceOrientationLandscapeRight";
				LD_RUNPATH_SEARCH_PATHS = (
					"$(inherited)",
					"@executable_path/Frameworks",
				);
				MARKETING_VERSION = 1.0;
				PRODUCT_BUNDLE_IDENTIFIER = com.kyungsoo.Memorize;
				PRODUCT_NAME = "$(TARGET_NAME)";
				SWIFT_EMIT_LOC_STRINGS = YES;
				SWIFT_VERSION = 5.0;
				TARGETED_DEVICE_FAMILY = "1,2";
			};
			name = Debug;
		};
		F3776F03289F82B5000605DE /* Release */ = {
			isa = XCBuildConfiguration;
			buildSettings = {
				ASSETCATALOG_COMPILER_APPICON_NAME = AppIcon;
				ASSETCATALOG_COMPILER_GLOBAL_ACCENT_COLOR_NAME = AccentColor;
				CODE_SIGN_STYLE = Automatic;
				CURRENT_PROJECT_VERSION = 1;
				DEVELOPMENT_ASSET_PATHS = "\"Memorize/Preview Content\"";
				DEVELOPMENT_TEAM = U5F437QJA7;
				ENABLE_PREVIEWS = YES;
				GENERATE_INFOPLIST_FILE = YES;
				INFOPLIST_KEY_UIApplicationSceneManifest_Generation = YES;
				INFOPLIST_KEY_UIApplicationSupportsIndirectInputEvents = YES;
				INFOPLIST_KEY_UILaunchScreen_Generation = YES;
				INFOPLIST_KEY_UISupportedInterfaceOrientations_iPad = "UIInterfaceOrientationPortrait UIInterfaceOrientationPortraitUpsideDown UIInterfaceOrientationLandscapeLeft UIInterfaceOrientationLandscapeRight";
				INFOPLIST_KEY_UISupportedInterfaceOrientations_iPhone = "UIInterfaceOrientationPortrait UIInterfaceOrientationLandscapeLeft UIInterfaceOrientationLandscapeRight";
				LD_RUNPATH_SEARCH_PATHS = (
					"$(inherited)",
					"@executable_path/Frameworks",
				);
				MARKETING_VERSION = 1.0;
				PRODUCT_BUNDLE_IDENTIFIER = com.kyungsoo.Memorize;
				PRODUCT_NAME = "$(TARGET_NAME)";
				SWIFT_EMIT_LOC_STRINGS = YES;
				SWIFT_VERSION = 5.0;
				TARGETED_DEVICE_FAMILY = "1,2";
			};
			name = Release;
		};
/* End XCBuildConfiguration section */

/* Begin XCConfigurationList section */
		F3776EEE289F82B4000605DE /* Build configuration list for PBXProject "Memorize" */ = {
			isa = XCConfigurationList;
			buildConfigurations = (
				F3776EFF289F82B5000605DE /* Debug */,
				F3776F00289F82B5000605DE /* Release */,
			);
			defaultConfigurationIsVisible = 0;
			defaultConfigurationName = Release;
		};
		F3776F01289F82B5000605DE /* Build configuration list for PBXNativeTarget "Memorize" */ = {
			isa = XCConfigurationList;
			buildConfigurations = (
				F3776F02289F82B5000605DE /* Debug */,
				F3776F03289F82B5000605DE /* Release */,
			);
			defaultConfigurationIsVisible = 0;
			defaultConfigurationName = Release;
		};
/* End XCConfigurationList section */
	};
	rootObject = F3776EEB289F82B4000605DE /* Project object */;
}
